<?xml version="1.0" encoding="utf-8"?>
<Project xmlns="http://schemas.microsoft.com/developer/msbuild/2003" ToolsVersion="4.0">
  <ItemGroup>
    <Filter Include="Source Files">
      <UniqueIdentifier>{4FC737F1-C7A5-4376-A066-2A32D752A2FF}</UniqueIdentifier>
      <Extensions>cpp;c;cc;cxx;def;odl;idl;hpj;bat;asm;asmx</Extensions>
    </Filter>
    <Filter Include="Header Files">
      <UniqueIdentifier>{93995380-89BD-4b04-88EB-625FBE52EBFB}</UniqueIdentifier>
      <Extensions>h;hh;hpp;hxx;hm;inl;inc;xsd</Extensions>
    </Filter>
    <Filter Include="Resource Files">
      <UniqueIdentifier>{67DA6AB6-F800-4c08-8B7A-83BB121AAD01}</UniqueIdentifier>
      <Extensions>rc;ico;cur;bmp;dlg;rc2;rct;bin;rgs;gif;jpg;jpeg;jpe;resx;tiff;tif;png;wav;mfcribbon-ms</Extensions>
    </Filter>
    <Filter Include="Source Files\Climate">
      <UniqueIdentifier>{d9bb253f-215f-42df-afba-b65fc04c2caf}</UniqueIdentifier>
    </Filter>
    <Filter Include="Source Files\Controllers">
      <UniqueIdentifier>{2841ca75-5fe2-4594-aa29-b767def38354}</UniqueIdentifier>
    </Filter>
    <Filter Include="Source Files\HINT">
      <UniqueIdentifier>{bbe3873b-97a9-4435-a89d-7b8fd28f1f05}</UniqueIdentifier>
    </Filter>
    <Filter Include="Source Files\Reporting">
      <UniqueIdentifier>{b20e9406-a4d5-496e-9b69-721b11cff1c6}</UniqueIdentifier>
    </Filter>
    <Filter Include="Source Files\Reporting\Vector">
      <UniqueIdentifier>{ee08abad-50d7-4f71-9e6f-91e06830c3a5}</UniqueIdentifier>
    </Filter>
    <Filter Include="Source Files\Reporting\Vector\Malaria">
      <UniqueIdentifier>{e81c776b-2ae3-4475-b115-fa2c8e05e1da}</UniqueIdentifier>
    </Filter>
    <Filter Include="Source Files\Reporting\STI">
      <UniqueIdentifier>{46594dd7-2e45-47be-a1d1-19033adb09b4}</UniqueIdentifier>
    </Filter>
    <Filter Include="Source Files\Reporting\STI\HIV">
      <UniqueIdentifier>{41d94001-0d3a-43ab-81f7-18772b0f3a31}</UniqueIdentifier>
    </Filter>
    <Filter Include="Source Files\STI">
      <UniqueIdentifier>{1e10a744-a7a0-4bc2-8dbc-ba09dde5eb6b}</UniqueIdentifier>
    </Filter>
    <Filter Include="Source Files\STI\HIV">
      <UniqueIdentifier>{0233429b-9e5b-4250-9ab8-f7a2bd15a008}</UniqueIdentifier>
    </Filter>
    <Filter Include="Source Files\Vector">
      <UniqueIdentifier>{82bf755e-e9cf-41e1-8215-3d6d8e94fbbf}</UniqueIdentifier>
    </Filter>
    <Filter Include="Source Files\Vector\Malaria">
      <UniqueIdentifier>{edecdeac-76de-4033-8896-5562ba71c201}</UniqueIdentifier>
    </Filter>
    <Filter Include="Source Files\Common">
      <UniqueIdentifier>{40dd1d3d-7f1c-4f49-aef3-03f328b18ff1}</UniqueIdentifier>
    </Filter>
    <Filter Include="Source Files\Kernel">
      <UniqueIdentifier>{3e6879aa-a6c3-470e-805a-ff99eb474570}</UniqueIdentifier>
    </Filter>
    <Filter Include="Source Files\Campaign">
      <UniqueIdentifier>{6f327146-ed7a-4d6e-a3b5-a28b78e5594f}</UniqueIdentifier>
    </Filter>
    <Filter Include="Source Files\Campaign\EventCoordinator">
      <UniqueIdentifier>{78f60000-4e63-4b52-94c5-45ff61273825}</UniqueIdentifier>
    </Filter>
    <Filter Include="Source Files\Campaign\EventCoordinator\Vector">
      <UniqueIdentifier>{db4e0d16-ef4b-4329-aec1-79adb5a2da6e}</UniqueIdentifier>
    </Filter>
    <Filter Include="Source Files\Campaign\EventCoordinator\Vector\Malaria">
      <UniqueIdentifier>{bc740da8-f5b8-441e-894f-6d841d464e69}</UniqueIdentifier>
    </Filter>
    <Filter Include="Source Files\Campaign\EventCoordinator\STI">
      <UniqueIdentifier>{719a3315-1206-442f-bdae-25c0a2f11fa9}</UniqueIdentifier>
    </Filter>
    <Filter Include="Source Files\Campaign\EventCoordinator\STI\HIV">
      <UniqueIdentifier>{dd678a1d-b19f-4223-8b5f-69c352c68c44}</UniqueIdentifier>
    </Filter>
    <Filter Include="Source Files\Campaign\InterventionContainers">
      <UniqueIdentifier>{a429983d-4afa-4ea8-86aa-9bed41d49fcd}</UniqueIdentifier>
    </Filter>
    <Filter Include="Source Files\Campaign\InterventionContainers\Vector">
      <UniqueIdentifier>{ee4d6b1a-94a5-4481-8f30-5bc985fa317c}</UniqueIdentifier>
    </Filter>
    <Filter Include="Source Files\Campaign\InterventionContainers\Vector\Malaria">
      <UniqueIdentifier>{10559486-6541-4bd9-8425-5d0ce7d13931}</UniqueIdentifier>
    </Filter>
    <Filter Include="Source Files\Campaign\InterventionContainers\STI">
      <UniqueIdentifier>{a8aee74f-a3e9-4d36-bde4-0712ac019ecb}</UniqueIdentifier>
    </Filter>
    <Filter Include="Source Files\Campaign\InterventionContainers\STI\HIV">
      <UniqueIdentifier>{a6691748-7c43-49ff-954f-ff4078477708}</UniqueIdentifier>
    </Filter>
    <Filter Include="Source Files\Campaign\AdditionalTargeting">
      <UniqueIdentifier>{f5bb290b-7308-4d6d-9af6-030d94673c70}</UniqueIdentifier>
    </Filter>
    <Filter Include="Source Files\Campaign\IndividualTargeted">
      <UniqueIdentifier>{c7c33025-99af-49e2-8e0e-8cce9bd639ec}</UniqueIdentifier>
    </Filter>
    <Filter Include="Source Files\Campaign\IndividualTargeted\Vector">
      <UniqueIdentifier>{bd2f0491-00e8-4e98-be13-4709cf4f5f4d}</UniqueIdentifier>
    </Filter>
    <Filter Include="Source Files\Campaign\IndividualTargeted\Vector\Malaria">
      <UniqueIdentifier>{bf7fdbed-9a7d-42b5-b2f0-074fab3f475a}</UniqueIdentifier>
    </Filter>
    <Filter Include="Source Files\Campaign\IndividualTargeted\STI">
      <UniqueIdentifier>{a1a0d4db-28c3-4819-bba4-7a3752123840}</UniqueIdentifier>
    </Filter>
    <Filter Include="Source Files\Campaign\IndividualTargeted\STI\HIV">
      <UniqueIdentifier>{0c2f4a5d-b6f5-4a93-be3f-77ab864c4d70}</UniqueIdentifier>
    </Filter>
    <Filter Include="Source Files\Campaign\NodeTargeted">
      <UniqueIdentifier>{d9fdfe59-85db-4848-bf8e-54fa9350e103}</UniqueIdentifier>
    </Filter>
    <Filter Include="Source Files\Campaign\NodeTargeted\Vector">
      <UniqueIdentifier>{2449a384-94f8-4eff-a7ee-10160b22d151}</UniqueIdentifier>
    </Filter>
    <Filter Include="Source Files\Campaign\NodeTargeted\Vector\Malaria">
      <UniqueIdentifier>{9c7cd6f8-fb71-4a78-bff8-65b7deaaff52}</UniqueIdentifier>
    </Filter>
    <Filter Include="Source Files\Campaign\WaningEffects">
      <UniqueIdentifier>{aee1ee48-535a-4eae-9557-5a647dd66cf9}</UniqueIdentifier>
    </Filter>
    <Filter Include="Source Files\Vector\Malaria\CoTransmission">
      <UniqueIdentifier>{83a4c8b5-5c21-45b5-bd48-dc45a3633040}</UniqueIdentifier>
    </Filter>
    <Filter Include="Source Files\Vector\Malaria\ParasiteGenetics">
      <UniqueIdentifier>{057eff64-1a70-4497-b2ac-daccfb780360}</UniqueIdentifier>
    </Filter>
    <Filter Include="Source Files\Campaign\NodeTargeted\STI">
      <UniqueIdentifier>{0d7e78d6-162b-468d-b644-9337e500ab2c}</UniqueIdentifier>
    </Filter>
  </ItemGroup>
  <ItemGroup>
    <ClInclude Include="Climate.h">
      <Filter>Source Files\Climate</Filter>
    </ClInclude>
    <ClInclude Include="ClimateByData.h">
      <Filter>Source Files\Climate</Filter>
    </ClInclude>
    <ClInclude Include="ClimateConstant.h">
      <Filter>Source Files\Climate</Filter>
    </ClInclude>
    <ClInclude Include="ClimateKoppen.h">
      <Filter>Source Files\Climate</Filter>
    </ClInclude>
    <ClInclude Include="Controller.h">
      <Filter>Source Files\Controllers</Filter>
    </ClInclude>
    <ClInclude Include="ControllerFactory.h">
      <Filter>Source Files\Controllers</Filter>
    </ClInclude>
    <ClInclude Include="IController.h">
      <Filter>Source Files\Controllers</Filter>
    </ClInclude>
    <ClInclude Include="IntranodeTransmissionTypes.h">
      <Filter>Source Files\HINT</Filter>
    </ClInclude>
    <ClInclude Include="IContagionPopulation.h">
      <Filter>Source Files\HINT</Filter>
    </ClInclude>
    <ClInclude Include="ITransmissionGroups.h">
      <Filter>Source Files\HINT</Filter>
    </ClInclude>
    <ClInclude Include="IInfectable.h">
      <Filter>Source Files\HINT</Filter>
    </ClInclude>
    <ClInclude Include="StrainAwareTransmissionGroups.h">
      <Filter>Source Files\HINT</Filter>
    </ClInclude>
    <ClInclude Include="TransmissionGroupMembership.h">
      <Filter>Source Files\HINT</Filter>
    </ClInclude>
    <ClInclude Include="TransmissionGroupsFactory.h">
      <Filter>Source Files\HINT</Filter>
    </ClInclude>
    <ClInclude Include="..\baseReportLib\BaseChannelReport.h">
      <Filter>Source Files\Reporting</Filter>
    </ClInclude>
    <ClInclude Include="..\baseReportLib\BaseEventReport.h">
      <Filter>Source Files\Reporting</Filter>
    </ClInclude>
    <ClInclude Include="..\baseReportLib\BaseEventReportIntervalOutput.h">
      <Filter>Source Files\Reporting</Filter>
    </ClInclude>
    <ClInclude Include="..\baseReportLib\BaseTextReport.h">
      <Filter>Source Files\Reporting</Filter>
    </ClInclude>
    <ClInclude Include="..\baseReportLib\BaseTextReportEvents.h">
      <Filter>Source Files\Reporting</Filter>
    </ClInclude>
    <ClInclude Include="..\baseReportLib\BinnedReport.h">
      <Filter>Source Files\Reporting</Filter>
    </ClInclude>
    <ClInclude Include="..\baseReportLib\ChannelDataMap.h">
      <Filter>Source Files\Reporting</Filter>
    </ClInclude>
    <ClInclude Include="..\baseReportLib\IReport.h">
      <Filter>Source Files\Reporting</Filter>
    </ClInclude>
    <ClInclude Include="ReportEventRecorder.h">
      <Filter>Source Files\Reporting</Filter>
    </ClInclude>
    <ClInclude Include="DemographicsReport.h">
      <Filter>Source Files\Reporting</Filter>
    </ClInclude>
    <ClInclude Include="PropertyReport.h">
      <Filter>Source Files\Reporting</Filter>
    </ClInclude>
    <ClInclude Include="Report.h">
      <Filter>Source Files\Reporting</Filter>
    </ClInclude>
    <ClInclude Include="SpatialReport.h">
      <Filter>Source Files\Reporting</Filter>
    </ClInclude>
    <ClInclude Include="ReportVector.h">
      <Filter>Source Files\Reporting\Vector</Filter>
    </ClInclude>
    <ClInclude Include="SpatialReportVector.h">
      <Filter>Source Files\Reporting\Vector</Filter>
    </ClInclude>
    <ClInclude Include="VectorSpeciesReport.h">
      <Filter>Source Files\Reporting\Vector</Filter>
    </ClInclude>
    <ClInclude Include="BinnedReportMalaria.h">
      <Filter>Source Files\Reporting\Vector\Malaria</Filter>
    </ClInclude>
    <ClInclude Include="ReportMalaria.h">
      <Filter>Source Files\Reporting\Vector\Malaria</Filter>
    </ClInclude>
    <ClInclude Include="SpatialReportMalaria.h">
      <Filter>Source Files\Reporting\Vector\Malaria</Filter>
    </ClInclude>
    <ClInclude Include="RelationshipReporting.h">
      <Filter>Source Files\Reporting\STI</Filter>
    </ClInclude>
    <ClInclude Include="ReportSTI.h">
      <Filter>Source Files\Reporting\STI</Filter>
    </ClInclude>
    <ClInclude Include="StiObjectFactory.h">
      <Filter>Source Files\Reporting\STI</Filter>
    </ClInclude>
    <ClInclude Include="StiRelationshipConsummatedReporter.h">
      <Filter>Source Files\Reporting\STI</Filter>
    </ClInclude>
    <ClInclude Include="StiRelationshipEndReporter.h">
      <Filter>Source Files\Reporting\STI</Filter>
    </ClInclude>
    <ClInclude Include="StiRelationshipStartReporter.h">
      <Filter>Source Files\Reporting\STI</Filter>
    </ClInclude>
    <ClInclude Include="STIReportEventRecorder.h">
      <Filter>Source Files\Reporting\STI</Filter>
    </ClInclude>
    <ClInclude Include="StiTransmissionReporter.h">
      <Filter>Source Files\Reporting\STI</Filter>
    </ClInclude>
    <ClInclude Include="HivObjectFactory.h">
      <Filter>Source Files\Reporting\STI\HIV</Filter>
    </ClInclude>
    <ClInclude Include="HIVRelationshipStartReporter.h">
      <Filter>Source Files\Reporting\STI\HIV</Filter>
    </ClInclude>
    <ClInclude Include="HIVReportEventRecorder.h">
      <Filter>Source Files\Reporting\STI\HIV</Filter>
    </ClInclude>
    <ClInclude Include="HIVTransmissionReporter.h">
      <Filter>Source Files\Reporting\STI\HIV</Filter>
    </ClInclude>
    <ClInclude Include="ReportHIVART.h">
      <Filter>Source Files\Reporting\STI\HIV</Filter>
    </ClInclude>
    <ClInclude Include="ReportHIVByAgeAndGender.h">
      <Filter>Source Files\Reporting\STI\HIV</Filter>
    </ClInclude>
    <ClInclude Include="ReportHIVInfection.h">
      <Filter>Source Files\Reporting\STI\HIV</Filter>
    </ClInclude>
    <ClInclude Include="ReportHIV.h">
      <Filter>Source Files\Reporting\STI\HIV</Filter>
    </ClInclude>
    <ClInclude Include="ReportHIVMortalityEvents.h">
      <Filter>Source Files\Reporting\STI\HIV</Filter>
    </ClInclude>
    <ClInclude Include="Assortivity.h">
      <Filter>Source Files\STI</Filter>
    </ClInclude>
    <ClInclude Include="AssortivityFactory.h">
      <Filter>Source Files\STI</Filter>
    </ClInclude>
    <ClInclude Include="ConcurrencyParameters.h">
      <Filter>Source Files\STI</Filter>
    </ClInclude>
    <ClInclude Include="IAssortivity.h">
      <Filter>Source Files\STI</Filter>
    </ClInclude>
    <ClInclude Include="IConcurrency.h">
      <Filter>Source Files\STI</Filter>
    </ClInclude>
    <ClInclude Include="INodeSTI.h">
      <Filter>Source Files\STI</Filter>
    </ClInclude>
    <ClInclude Include="IRelationshipManager.h">
      <Filter>Source Files\STI</Filter>
    </ClInclude>
    <ClInclude Include="IRelationshipParameters.h">
      <Filter>Source Files\STI</Filter>
    </ClInclude>
    <ClInclude Include="IIdGeneratorSTI.h">
      <Filter>Source Files\STI</Filter>
    </ClInclude>
    <ClInclude Include="ISTISimulationContext.h">
      <Filter>Source Files\STI</Filter>
    </ClInclude>
    <ClInclude Include="NodeInfoSTI.h">
      <Filter>Source Files\STI</Filter>
    </ClInclude>
    <ClInclude Include="RelationshipManager.h">
      <Filter>Source Files\STI</Filter>
    </ClInclude>
    <ClInclude Include="RelationshipManagerFactory.h">
      <Filter>Source Files\STI</Filter>
    </ClInclude>
    <ClInclude Include="RelationshipParameters.h">
      <Filter>Source Files\STI</Filter>
    </ClInclude>
    <ClInclude Include="BehaviorPfa.h">
      <Filter>Source Files\STI</Filter>
    </ClInclude>
    <ClInclude Include="FlowControllerFactory.h">
      <Filter>Source Files\STI</Filter>
    </ClInclude>
    <ClInclude Include="FlowControllerImpl.h">
      <Filter>Source Files\STI</Filter>
    </ClInclude>
    <ClInclude Include="IIndividualHumanSTI.h">
      <Filter>Source Files\STI</Filter>
    </ClInclude>
    <ClInclude Include="IndividualSTI.h">
      <Filter>Source Files\STI</Filter>
    </ClInclude>
    <ClInclude Include="InfectionSTI.h">
      <Filter>Source Files\STI</Filter>
    </ClInclude>
    <ClInclude Include="IPairFormationAgent.h">
      <Filter>Source Files\STI</Filter>
    </ClInclude>
    <ClInclude Include="IPairFormationFlowController.h">
      <Filter>Source Files\STI</Filter>
    </ClInclude>
    <ClInclude Include="IPairFormationParameters.h">
      <Filter>Source Files\STI</Filter>
    </ClInclude>
    <ClInclude Include="IPairFormationRateTable.h">
      <Filter>Source Files\STI</Filter>
    </ClInclude>
    <ClInclude Include="IPairFormationStats.h">
      <Filter>Source Files\STI</Filter>
    </ClInclude>
    <ClInclude Include="IRelationship.h">
      <Filter>Source Files\STI</Filter>
    </ClInclude>
    <ClInclude Include="ISociety.h">
      <Filter>Source Files\STI</Filter>
    </ClInclude>
    <ClInclude Include="NodeSTI.h">
      <Filter>Source Files\STI</Filter>
    </ClInclude>
    <ClInclude Include="PairFormationParametersImpl.h">
      <Filter>Source Files\STI</Filter>
    </ClInclude>
    <ClInclude Include="PairFormationParamsFactory.h">
      <Filter>Source Files\STI</Filter>
    </ClInclude>
    <ClInclude Include="PairFormationStatsFactory.h">
      <Filter>Source Files\STI</Filter>
    </ClInclude>
    <ClInclude Include="PairFormationStatsImpl.h">
      <Filter>Source Files\STI</Filter>
    </ClInclude>
    <ClInclude Include="PfaFactory.h">
      <Filter>Source Files\STI</Filter>
    </ClInclude>
    <ClInclude Include="RateTableFactory.h">
      <Filter>Source Files\STI</Filter>
    </ClInclude>
    <ClInclude Include="RateTableImpl.h">
      <Filter>Source Files\STI</Filter>
    </ClInclude>
    <ClInclude Include="Relationship.h">
      <Filter>Source Files\STI</Filter>
    </ClInclude>
    <ClInclude Include="RelationshipGroups.h">
      <Filter>Source Files\STI</Filter>
    </ClInclude>
    <ClInclude Include="SimulationSTI.h">
      <Filter>Source Files\STI</Filter>
    </ClInclude>
    <ClInclude Include="SocietyFactory.h">
      <Filter>Source Files\STI</Filter>
    </ClInclude>
    <ClInclude Include="SocietyImpl.h">
      <Filter>Source Files\STI</Filter>
    </ClInclude>
    <ClInclude Include="SusceptibilitySTI.h">
      <Filter>Source Files\STI</Filter>
    </ClInclude>
    <ClInclude Include="AssortivityHIV.h">
      <Filter>Source Files\STI\HIV</Filter>
    </ClInclude>
    <ClInclude Include="FerrandAgeDependentDistribution.h">
      <Filter>Source Files\STI\HIV</Filter>
    </ClInclude>
    <ClInclude Include="HIVEnums.h">
      <Filter>Source Files\STI\HIV</Filter>
    </ClInclude>
    <ClInclude Include="IIndividualHumanHIV.h">
      <Filter>Source Files\STI\HIV</Filter>
    </ClInclude>
    <ClInclude Include="IInfectionHIV.h">
      <Filter>Source Files\STI\HIV</Filter>
    </ClInclude>
    <ClInclude Include="INodeHIV.h">
      <Filter>Source Files\STI\HIV</Filter>
    </ClInclude>
    <ClInclude Include="InfectionHIV.h">
      <Filter>Source Files\STI\HIV</Filter>
    </ClInclude>
    <ClInclude Include="IndividualHIV.h">
      <Filter>Source Files\STI\HIV</Filter>
    </ClInclude>
    <ClInclude Include="NodeHIV.h">
      <Filter>Source Files\STI\HIV</Filter>
    </ClInclude>
    <ClInclude Include="SimulationHIV.h">
      <Filter>Source Files\STI\HIV</Filter>
    </ClInclude>
    <ClInclude Include="SusceptibilityHIV.h">
      <Filter>Source Files\STI\HIV</Filter>
    </ClInclude>
    <ClInclude Include="IMigrationInfoVector.h">
      <Filter>Source Files\Vector</Filter>
    </ClInclude>
    <ClInclude Include="IVectorHabitat.h">
      <Filter>Source Files\Vector</Filter>
    </ClInclude>
    <ClInclude Include="LarvalHabitatMultiplier.h">
      <Filter>Source Files\Vector</Filter>
    </ClInclude>
    <ClInclude Include="MigrationInfoVector.h">
      <Filter>Source Files\Vector</Filter>
    </ClInclude>
    <ClInclude Include="NodeInfoVector.h">
      <Filter>Source Files\Vector</Filter>
    </ClInclude>
    <ClInclude Include="IndividualVector.h">
      <Filter>Source Files\Vector</Filter>
    </ClInclude>
    <ClInclude Include="InfectionVector.h">
      <Filter>Source Files\Vector</Filter>
    </ClInclude>
    <ClInclude Include="NodeVector.h">
      <Filter>Source Files\Vector</Filter>
    </ClInclude>
    <ClInclude Include="SimulationVector.h">
      <Filter>Source Files\Vector</Filter>
    </ClInclude>
    <ClInclude Include="SusceptibilityVector.h">
      <Filter>Source Files\Vector</Filter>
    </ClInclude>
    <ClInclude Include="Vector.h">
      <Filter>Source Files\Vector</Filter>
    </ClInclude>
    <ClInclude Include="VectorCohort.h">
      <Filter>Source Files\Vector</Filter>
    </ClInclude>
    <ClInclude Include="VectorCohortIndividual.h">
      <Filter>Source Files\Vector</Filter>
    </ClInclude>
    <ClInclude Include="VectorContexts.h">
      <Filter>Source Files\Vector</Filter>
    </ClInclude>
    <ClInclude Include="VectorEnums.h">
      <Filter>Source Files\Vector</Filter>
    </ClInclude>
    <ClInclude Include="VectorHabitat.h">
      <Filter>Source Files\Vector</Filter>
    </ClInclude>
    <ClInclude Include="VectorParameters.h">
      <Filter>Source Files\Vector</Filter>
    </ClInclude>
    <ClInclude Include="VectorPopulation.h">
      <Filter>Source Files\Vector</Filter>
    </ClInclude>
    <ClInclude Include="VectorPopulationIndividual.h">
      <Filter>Source Files\Vector</Filter>
    </ClInclude>
    <ClInclude Include="VectorProbabilities.h">
      <Filter>Source Files\Vector</Filter>
    </ClInclude>
    <ClInclude Include="VectorSpeciesParameters.h">
      <Filter>Source Files\Vector</Filter>
    </ClInclude>
    <ClInclude Include="IndividualMalaria.h">
      <Filter>Source Files\Vector\Malaria</Filter>
    </ClInclude>
    <ClInclude Include="InfectionMalaria.h">
      <Filter>Source Files\Vector\Malaria</Filter>
    </ClInclude>
    <ClInclude Include="Malaria.h">
      <Filter>Source Files\Vector\Malaria</Filter>
    </ClInclude>
    <ClInclude Include="MalariaAntibody.h">
      <Filter>Source Files\Vector\Malaria</Filter>
    </ClInclude>
    <ClInclude Include="MalariaContexts.h">
      <Filter>Source Files\Vector\Malaria</Filter>
    </ClInclude>
    <ClInclude Include="MalariaEnums.h">
      <Filter>Source Files\Vector\Malaria</Filter>
    </ClInclude>
    <ClInclude Include="NodeMalaria.h">
      <Filter>Source Files\Vector\Malaria</Filter>
    </ClInclude>
    <ClInclude Include="SimulationMalaria.h">
      <Filter>Source Files\Vector\Malaria</Filter>
    </ClInclude>
    <ClInclude Include="SusceptibilityMalaria.h">
      <Filter>Source Files\Vector\Malaria</Filter>
    </ClInclude>
    <ClInclude Include="VectorDefs.h">
      <Filter>Source Files\Vector\Malaria</Filter>
    </ClInclude>
    <ClInclude Include="Instrumentation.h">
      <Filter>Source Files\Common</Filter>
    </ClInclude>
    <ClInclude Include="DllDefs.h">
      <Filter>Source Files\Kernel</Filter>
    </ClInclude>
    <ClInclude Include="DllLoader.h">
      <Filter>Source Files\Kernel</Filter>
    </ClInclude>
    <ClInclude Include="EventsForOtherNodes.h">
      <Filter>Source Files\Kernel</Filter>
    </ClInclude>
    <ClInclude Include="IIndividualHuman.h">
      <Filter>Source Files\Kernel</Filter>
    </ClInclude>
    <ClInclude Include="IMigrate.h">
      <Filter>Source Files\Kernel</Filter>
    </ClInclude>
    <ClInclude Include="IMigrationInfo.h">
      <Filter>Source Files\Kernel</Filter>
    </ClInclude>
    <ClInclude Include="Individual.h">
      <Filter>Source Files\Kernel</Filter>
    </ClInclude>
    <ClInclude Include="Infection.h">
      <Filter>Source Files\Kernel</Filter>
    </ClInclude>
    <ClInclude Include="INodeContext.h">
      <Filter>Source Files\Kernel</Filter>
    </ClInclude>
    <ClInclude Include="INodeInfo.h">
      <Filter>Source Files\Kernel</Filter>
    </ClInclude>
    <ClInclude Include="ISimulation.h">
      <Filter>Source Files\Kernel</Filter>
    </ClInclude>
    <ClInclude Include="LoadBalanceScheme.h">
      <Filter>Source Files\Kernel</Filter>
    </ClInclude>
    <ClInclude Include="Migration.h">
      <Filter>Source Files\Kernel</Filter>
    </ClInclude>
    <ClInclude Include="MpiDataExchanger.h">
      <Filter>Source Files\Kernel</Filter>
    </ClInclude>
    <ClInclude Include="Node.h">
      <Filter>Source Files\Kernel</Filter>
    </ClInclude>
    <ClInclude Include="NodeDemographics.h">
      <Filter>Source Files\Kernel</Filter>
    </ClInclude>
    <ClInclude Include="NodeInfo.h">
      <Filter>Source Files\Kernel</Filter>
    </ClInclude>
    <ClInclude Include="NodeRankMap.h">
      <Filter>Source Files\Kernel</Filter>
    </ClInclude>
    <ClInclude Include="PythonSupport.h">
      <Filter>Source Files\Kernel</Filter>
    </ClInclude>
    <ClInclude Include="Simulation.h">
      <Filter>Source Files\Kernel</Filter>
    </ClInclude>
    <ClInclude Include="SimulationConfig.h">
      <Filter>Source Files\Kernel</Filter>
    </ClInclude>
    <ClInclude Include="SimulationEnums.h">
      <Filter>Source Files\Kernel</Filter>
    </ClInclude>
    <ClInclude Include="SimulationFactory.h">
      <Filter>Source Files\Kernel</Filter>
    </ClInclude>
    <ClInclude Include="StrainIdentity.h">
      <Filter>Source Files\Kernel</Filter>
    </ClInclude>
    <ClInclude Include="..\utils\Types.h">
      <Filter>Source Files\Kernel</Filter>
    </ClInclude>
    <ClInclude Include="CalendarEventCoordinator.h">
      <Filter>Source Files\Campaign\EventCoordinator</Filter>
    </ClInclude>
    <ClInclude Include="DemographicRestrictions.h">
      <Filter>Source Files\Campaign\EventCoordinator</Filter>
    </ClInclude>
    <ClInclude Include="NChooserEventCoordinator.h">
      <Filter>Source Files\Campaign\EventCoordinator</Filter>
    </ClInclude>
    <ClInclude Include="PropertyRestrictions.h">
      <Filter>Source Files\Campaign\EventCoordinator</Filter>
    </ClInclude>
    <ClInclude Include="CampaignEvent.h">
      <Filter>Source Files\Campaign\EventCoordinator</Filter>
    </ClInclude>
    <ClInclude Include="CoverageByNodeEventCoordinator.h">
      <Filter>Source Files\Campaign\EventCoordinator</Filter>
    </ClInclude>
    <ClInclude Include="NodeEventContextHost.h">
      <Filter>Source Files\Campaign\EventCoordinator</Filter>
    </ClInclude>
    <ClInclude Include="IndividualEventContext.h">
      <Filter>Source Files\Campaign\EventCoordinator</Filter>
    </ClInclude>
    <ClInclude Include="NodeEventContext.h">
      <Filter>Source Files\Campaign\EventCoordinator</Filter>
    </ClInclude>
    <ClInclude Include="SimulationEventContext.h">
      <Filter>Source Files\Campaign\EventCoordinator</Filter>
    </ClInclude>
    <ClInclude Include="StandardEventCoordinator.h">
      <Filter>Source Files\Campaign\EventCoordinator</Filter>
    </ClInclude>
    <ClInclude Include="NodeVectorEventContext.h">
      <Filter>Source Files\Campaign\EventCoordinator\Vector</Filter>
    </ClInclude>
    <ClInclude Include="NodeMalariaEventContext.h">
      <Filter>Source Files\Campaign\EventCoordinator\Vector\Malaria</Filter>
    </ClInclude>
    <ClInclude Include="NChooserEventCoordinatorSTI.h">
      <Filter>Source Files\Campaign\EventCoordinator\STI</Filter>
    </ClInclude>
    <ClInclude Include="ReferenceTrackingEventCoordinator.h">
      <Filter>Source Files\Campaign\EventCoordinator\STI</Filter>
    </ClInclude>
    <ClInclude Include="CampaignEventByYear.h">
      <Filter>Source Files\Campaign\EventCoordinator\STI</Filter>
    </ClInclude>
    <ClInclude Include="NChooserEventCoordinatorHIV.h">
      <Filter>Source Files\Campaign\EventCoordinator\STI\HIV</Filter>
    </ClInclude>
    <ClInclude Include="ReferenceTrackingEventCoordinatorHIV.h">
      <Filter>Source Files\Campaign\EventCoordinator\STI\HIV</Filter>
    </ClInclude>
    <ClInclude Include="InterventionsContainer.h">
      <Filter>Source Files\Campaign\InterventionContainers</Filter>
    </ClInclude>
    <ClInclude Include="VectorInterventionsContainer.h">
      <Filter>Source Files\Campaign\InterventionContainers\Vector</Filter>
    </ClInclude>
    <ClInclude Include="MalariaInterventionsContainer.h">
      <Filter>Source Files\Campaign\InterventionContainers\Vector\Malaria</Filter>
    </ClInclude>
    <ClInclude Include="ISTIInterventionsContainer.h">
      <Filter>Source Files\Campaign\InterventionContainers\STI</Filter>
    </ClInclude>
    <ClInclude Include="STIInterventionsContainer.h">
      <Filter>Source Files\Campaign\InterventionContainers\STI</Filter>
    </ClInclude>
    <ClInclude Include="IHIVInterventionsContainer.h">
      <Filter>Source Files\Campaign\InterventionContainers\STI\HIV</Filter>
    </ClInclude>
    <ClInclude Include="HIVInterventionsContainer.h">
      <Filter>Source Files\Campaign\InterventionContainers\STI\HIV</Filter>
    </ClInclude>
    <ClInclude Include="stdafx.h">
      <Filter>Source Files\Common</Filter>
    </ClInclude>
    <ClInclude Include="MalariaDrugTypeParameters.h">
      <Filter>Source Files\Vector\Malaria</Filter>
    </ClInclude>
    <ClInclude Include="Schema.h">
      <Filter>Source Files\Kernel</Filter>
    </ClInclude>
    <ClInclude Include="..\interventions\BroadcastEvent.h">
      <Filter>Source Files\Campaign\IndividualTargeted</Filter>
    </ClInclude>
    <ClInclude Include="..\interventions\BroadcastEventToOtherNodes.h">
      <Filter>Source Files\Campaign\IndividualTargeted</Filter>
    </ClInclude>
    <ClInclude Include="..\interventions\CalendarIV.h">
      <Filter>Source Files\Campaign\IndividualTargeted</Filter>
    </ClInclude>
    <ClInclude Include="..\interventions\DelayedIntervention.h">
      <Filter>Source Files\Campaign\IndividualTargeted</Filter>
    </ClInclude>
    <ClInclude Include="..\interventions\IndividualImmunityChanger.h">
      <Filter>Source Files\Campaign\IndividualTargeted</Filter>
    </ClInclude>
    <ClInclude Include="..\interventions\ControlledVaccine.h">
      <Filter>Source Files\Campaign\IndividualTargeted</Filter>
    </ClInclude>
    <ClInclude Include="..\interventions\MultiEffectBoosterVaccine.h">
      <Filter>Source Files\Campaign\IndividualTargeted</Filter>
    </ClInclude>
    <ClInclude Include="..\interventions\SimpleBoosterVaccine.h">
      <Filter>Source Files\Campaign\IndividualTargeted</Filter>
    </ClInclude>
    <ClInclude Include="..\interventions\Diagnostics.h">
      <Filter>Source Files\Campaign\IndividualTargeted</Filter>
    </ClInclude>
    <ClInclude Include="..\interventions\Drugs.h">
      <Filter>Source Files\Campaign\IndividualTargeted</Filter>
    </ClInclude>
    <ClInclude Include="..\interventions\HealthSeekingBehavior.h">
      <Filter>Source Files\Campaign\IndividualTargeted</Filter>
    </ClInclude>
    <ClInclude Include="IDrug.h">
      <Filter>Source Files\Campaign\IndividualTargeted</Filter>
    </ClInclude>
    <ClInclude Include="..\interventions\MigrateIndividuals.h">
      <Filter>Source Files\Campaign\IndividualTargeted</Filter>
    </ClInclude>
    <ClInclude Include="..\interventions\MultiEffectVaccine.h">
      <Filter>Source Files\Campaign\IndividualTargeted</Filter>
    </ClInclude>
    <ClInclude Include="..\interventions\MultiInterventionDistributor.h">
      <Filter>Source Files\Campaign\IndividualTargeted</Filter>
    </ClInclude>
    <ClInclude Include="..\interventions\OutbreakIndividual.h">
      <Filter>Source Files\Campaign\IndividualTargeted</Filter>
    </ClInclude>
    <ClInclude Include="..\interventions\PropertyValueChanger.h">
      <Filter>Source Files\Campaign\IndividualTargeted</Filter>
    </ClInclude>
    <ClInclude Include="..\interventions\Vaccine.h">
      <Filter>Source Files\Campaign\IndividualTargeted</Filter>
    </ClInclude>
    <ClInclude Include="..\interventions\Bednet.h">
      <Filter>Source Files\Campaign\IndividualTargeted\Vector</Filter>
    </ClInclude>
    <ClInclude Include="..\interventions\HousingModification.h">
      <Filter>Source Files\Campaign\IndividualTargeted\Vector</Filter>
    </ClInclude>
    <ClInclude Include="..\interventions\HumanHostSeekingTrap.h">
      <Filter>Source Files\Campaign\IndividualTargeted\Vector</Filter>
    </ClInclude>
    <ClInclude Include="..\interventions\IndividualRepellent.h">
      <Filter>Source Files\Campaign\IndividualTargeted\Vector</Filter>
    </ClInclude>
    <ClInclude Include="..\interventions\Ivermectin.h">
      <Filter>Source Files\Campaign\IndividualTargeted\Vector</Filter>
    </ClInclude>
    <ClInclude Include="..\interventions\AntiMalarialDrug.h">
      <Filter>Source Files\Campaign\IndividualTargeted\Vector\Malaria</Filter>
    </ClInclude>
    <ClInclude Include="..\interventions\MalariaDiagnostic.h">
      <Filter>Source Files\Campaign\IndividualTargeted\Vector\Malaria</Filter>
    </ClInclude>
    <ClInclude Include="..\interventions\RTSSVaccine.h">
      <Filter>Source Files\Campaign\IndividualTargeted\Vector\Malaria</Filter>
    </ClInclude>
    <ClInclude Include="..\interventions\STIIsPostDebut.h">
      <Filter>Source Files\Campaign\IndividualTargeted\STI</Filter>
    </ClInclude>
    <ClInclude Include="..\interventions\MaleCircumcision.h">
      <Filter>Source Files\Campaign\IndividualTargeted\STI</Filter>
    </ClInclude>
    <ClInclude Include="..\interventions\ModifyStiCoInfectionStatus.h">
      <Filter>Source Files\Campaign\IndividualTargeted\STI</Filter>
    </ClInclude>
    <ClInclude Include="..\interventions\StiCoInfectionDiagnostic.h">
      <Filter>Source Files\Campaign\IndividualTargeted\STI</Filter>
    </ClInclude>
    <ClInclude Include="..\interventions\STIBarrier.h">
      <Filter>Source Files\Campaign\IndividualTargeted\STI</Filter>
    </ClInclude>
    <ClInclude Include="..\interventions\AgeDiagnostic.h">
      <Filter>Source Files\Campaign\IndividualTargeted\STI\HIV</Filter>
    </ClInclude>
    <ClInclude Include="..\interventions\ARTDropout.h">
      <Filter>Source Files\Campaign\IndividualTargeted\STI\HIV</Filter>
    </ClInclude>
    <ClInclude Include="..\interventions\CD4Diagnostic.h">
      <Filter>Source Files\Campaign\IndividualTargeted\STI\HIV</Filter>
    </ClInclude>
    <ClInclude Include="..\interventions\HIVARTStagingAbstract.h">
      <Filter>Source Files\Campaign\IndividualTargeted\STI\HIV</Filter>
    </ClInclude>
    <ClInclude Include="..\interventions\HIVARTStagingByCD4Diagnostic.h">
      <Filter>Source Files\Campaign\IndividualTargeted\STI\HIV</Filter>
    </ClInclude>
    <ClInclude Include="..\interventions\HIVARTStagingCD4AgnosticDiagnostic.h">
      <Filter>Source Files\Campaign\IndividualTargeted\STI\HIV</Filter>
    </ClInclude>
    <ClInclude Include="..\interventions\HIVDelayedIntervention.h">
      <Filter>Source Files\Campaign\IndividualTargeted\STI\HIV</Filter>
    </ClInclude>
    <ClInclude Include="..\interventions\HIVDrawBlood.h">
      <Filter>Source Files\Campaign\IndividualTargeted\STI\HIV</Filter>
    </ClInclude>
    <ClInclude Include="..\interventions\HIVMuxer.h">
      <Filter>Source Files\Campaign\IndividualTargeted\STI\HIV</Filter>
    </ClInclude>
    <ClInclude Include="..\interventions\HIVPiecewiseByYearAndSexDiagnostic.h">
      <Filter>Source Files\Campaign\IndividualTargeted\STI\HIV</Filter>
    </ClInclude>
    <ClInclude Include="..\interventions\HIVRandomChoice.h">
      <Filter>Source Files\Campaign\IndividualTargeted\STI\HIV</Filter>
    </ClInclude>
    <ClInclude Include="..\interventions\HIVRapidHIVDiagnostic.h">
      <Filter>Source Files\Campaign\IndividualTargeted\STI\HIV</Filter>
    </ClInclude>
    <ClInclude Include="..\interventions\HIVSigmoidByYearAndSexDiagnostic.h">
      <Filter>Source Files\Campaign\IndividualTargeted\STI\HIV</Filter>
    </ClInclude>
    <ClInclude Include="..\interventions\HIVSimpleDiagnostic.h">
      <Filter>Source Files\Campaign\IndividualTargeted\STI\HIV</Filter>
    </ClInclude>
    <ClInclude Include="..\interventions\PMTCT.h">
      <Filter>Source Files\Campaign\IndividualTargeted\STI\HIV</Filter>
    </ClInclude>
    <ClInclude Include="..\interventions\BirthTriggeredIV.h">
      <Filter>Source Files\Campaign\NodeTargeted</Filter>
    </ClInclude>
    <ClInclude Include="..\interventions\ImportPressure.h">
      <Filter>Source Files\Campaign\NodeTargeted</Filter>
    </ClInclude>
    <ClInclude Include="..\interventions\MigrateFamily.h">
      <Filter>Source Files\Campaign\NodeTargeted</Filter>
    </ClInclude>
    <ClInclude Include="..\interventions\NodeLevelHealthTriggeredIV.h">
      <Filter>Source Files\Campaign\NodeTargeted</Filter>
    </ClInclude>
    <ClInclude Include="..\interventions\Outbreak.h">
      <Filter>Source Files\Campaign\NodeTargeted</Filter>
    </ClInclude>
    <ClInclude Include="..\interventions\MosquitoRelease.h">
      <Filter>Source Files\Campaign\NodeTargeted\Vector</Filter>
    </ClInclude>
    <ClInclude Include="..\interventions\ScaleLarvalHabitat.h">
      <Filter>Source Files\Campaign\NodeTargeted\Vector</Filter>
    </ClInclude>
    <ClInclude Include="..\interventions\VectorControlNodeTargeted.h">
      <Filter>Source Files\Campaign\NodeTargeted\Vector</Filter>
    </ClInclude>
    <ClInclude Include="..\interventions\InputEIR.h">
      <Filter>Source Files\Campaign\NodeTargeted\Vector\Malaria</Filter>
    </ClInclude>
    <ClInclude Include="..\interventions\MalariaChallenge.h">
      <Filter>Source Files\Campaign\NodeTargeted\Vector\Malaria</Filter>
    </ClInclude>
    <ClInclude Include="..\interventions\IWaningEffect.h">
      <Filter>Source Files\Campaign\WaningEffects</Filter>
    </ClInclude>
    <ClInclude Include="..\interventions\WaningEffect.h">
      <Filter>Source Files\Campaign\WaningEffects</Filter>
    </ClInclude>
    <ClInclude Include="..\interventions\WaningEffectMap.h">
      <Filter>Source Files\Campaign\WaningEffects</Filter>
    </ClInclude>
    <ClInclude Include="SerializedPopulation.h">
      <Filter>Source Files\Kernel</Filter>
    </ClInclude>
    <ClInclude Include="..\interventions\UsageDependentBednet.h">
      <Filter>Source Files\Campaign\IndividualTargeted\Vector</Filter>
    </ClInclude>
    <ClInclude Include="..\interventions\WaningEffectMapAge.h">
      <Filter>Source Files\Campaign\WaningEffects</Filter>
    </ClInclude>
    <ClInclude Include="..\interventions\WaningEffectMapSeasonal.h">
      <Filter>Source Files\Campaign\WaningEffects</Filter>
    </ClInclude>
    <ClInclude Include="..\interventions\WaningEffectRandomBox.h">
      <Filter>Source Files\Campaign\WaningEffects</Filter>
    </ClInclude>
    <ClInclude Include="CommunityHealthWorkerEventCoordinator.h">
      <Filter>Source Files\Campaign\EventCoordinator</Filter>
    </ClInclude>
    <ClInclude Include="..\interventions\NodePropertyValueChanger.h">
      <Filter>Source Files\Campaign\NodeTargeted</Filter>
    </ClInclude>
    <ClInclude Include="IStrainIdentity.h">
      <Filter>Source Files\Kernel</Filter>
    </ClInclude>
    <ClInclude Include="ReportUtilitiesSTI.h">
      <Filter>Source Files\Reporting\STI</Filter>
    </ClInclude>
    <ClInclude Include="BinnedReportSTI.h">
      <Filter>Source Files\Reporting\STI</Filter>
    </ClInclude>
    <ClInclude Include="IVectorPopulation.h">
      <Filter>Source Files\Vector</Filter>
    </ClInclude>
    <ClInclude Include="IVectorCohort.h">
      <Filter>Source Files\Vector</Filter>
    </ClInclude>
    <ClInclude Include="..\interventions\BitingRisk.h">
      <Filter>Source Files\Campaign\IndividualTargeted\Vector</Filter>
    </ClInclude>
    <ClInclude Include="IncidenceEventCoordinator.h">
      <Filter>Source Files\Campaign\EventCoordinator</Filter>
    </ClInclude>
    <ClInclude Include="VectorInterventionsContainerContexts.h">
      <Filter>Source Files\Campaign\InterventionContainers\Vector</Filter>
    </ClInclude>
    <ClInclude Include="MalariaInterventionsContainerContexts.h">
      <Filter>Source Files\Campaign\InterventionContainers\Vector\Malaria</Filter>
    </ClInclude>
    <ClInclude Include="..\interventions\AdherentDrug.h">
      <Filter>Source Files\Campaign\IndividualTargeted\Vector\Malaria</Filter>
    </ClInclude>
    <ClInclude Include="..\interventions\WaningEffectCombo.h">
      <Filter>Source Files\Campaign\WaningEffects</Filter>
    </ClInclude>
    <ClInclude Include="..\interventions\WaningEffectMapCount.h">
      <Filter>Source Files\Campaign\WaningEffects</Filter>
    </ClInclude>
    <ClInclude Include="IReportMalariaDiagnostics.h">
      <Filter>Source Files\Reporting\Vector\Malaria</Filter>
    </ClInclude>
    <ClInclude Include="..\interventions\MultiNodeInterventionDistributor.h">
      <Filter>Source Files\Campaign\NodeTargeted</Filter>
    </ClInclude>
    <ClInclude Include="..\interventions\DrugModel.h">
      <Filter>Source Files\Campaign\IndividualTargeted</Filter>
    </ClInclude>
    <ClInclude Include="..\interventions\DrugModelAntiMalarial.h">
      <Filter>Source Files\Campaign\IndividualTargeted\Vector\Malaria</Filter>
    </ClInclude>
    <ClInclude Include="..\interventions\MultiPackComboDrug.h">
      <Filter>Source Files\Campaign\IndividualTargeted\Vector\Malaria</Filter>
    </ClInclude>
    <ClInclude Include="..\interventions\StandardDiagnostic.h">
      <Filter>Source Files\Campaign\IndividualTargeted</Filter>
    </ClInclude>
    <ClInclude Include="VectorGenome.h">
      <Filter>Source Files\Vector</Filter>
    </ClInclude>
    <ClInclude Include="VectorFertilizer.h">
      <Filter>Source Files\Vector</Filter>
    </ClInclude>
    <ClInclude Include="VectorGene.h">
      <Filter>Source Files\Vector</Filter>
    </ClInclude>
    <ClInclude Include="VectorGamete.h">
      <Filter>Source Files\Vector</Filter>
    </ClInclude>
    <ClInclude Include="VectorTraitModifiers.h">
      <Filter>Source Files\Vector</Filter>
    </ClInclude>
    <ClInclude Include="IMosquitoReleaseConsumer.h">
      <Filter>Source Files\Campaign\EventCoordinator\Vector</Filter>
    </ClInclude>
    <ClInclude Include="VectorGeneDriver.h">
      <Filter>Source Files\Vector</Filter>
    </ClInclude>
    <ClInclude Include="VectorCohortCollection.h">
      <Filter>Source Files\Vector</Filter>
    </ClInclude>
    <ClInclude Include="..\interventions\ImmunityBloodTest.h">
      <Filter>Source Files\Campaign\IndividualTargeted</Filter>
    </ClInclude>
    <ClInclude Include="BroadcasterImpl.h">
      <Filter>Source Files\Campaign\EventCoordinator</Filter>
    </ClInclude>
    <ClInclude Include="BroadcasterImplTemplate.h">
      <Filter>Source Files\Campaign\EventCoordinator</Filter>
    </ClInclude>
    <ClInclude Include="BaseReportEventRecorder.h">
      <Filter>Source Files\Reporting</Filter>
    </ClInclude>
    <ClInclude Include="BaseReportEventRecorderTemplate.h">
      <Filter>Source Files\Reporting</Filter>
    </ClInclude>
    <ClInclude Include="ReportEventRecorderCoordinator.h">
      <Filter>Source Files\Reporting</Filter>
    </ClInclude>
    <ClInclude Include="ReportEventRecorderNode.h">
      <Filter>Source Files\Reporting</Filter>
    </ClInclude>
    <ClInclude Include="BroadcastCoordinatorEvent.h">
      <Filter>Source Files\Campaign\EventCoordinator</Filter>
    </ClInclude>
    <ClInclude Include="..\interventions\BroadcastNodeEvent.h">
      <Filter>Source Files\Campaign\NodeTargeted</Filter>
    </ClInclude>
    <ClInclude Include="TriggeredEventCoordinator.h">
      <Filter>Source Files\Campaign\EventCoordinator</Filter>
    </ClInclude>
    <ClInclude Include="SurveillanceEventCoordinator.h">
      <Filter>Source Files\Campaign\EventCoordinator</Filter>
    </ClInclude>
    <ClInclude Include="IncidenceCounterSurveillance.h">
      <Filter>Source Files\Campaign\EventCoordinator</Filter>
    </ClInclude>
    <ClInclude Include="ReportSurveillanceEventRecorder.h">
      <Filter>Source Files\Reporting</Filter>
    </ClInclude>
    <ClInclude Include="ISurveillanceReporting.h">
      <Filter>Source Files\Campaign\EventCoordinator</Filter>
    </ClInclude>
    <ClInclude Include="ReportStatsByIP.h">
      <Filter>Source Files\Reporting</Filter>
    </ClInclude>
    <ClInclude Include="DelayEventCoordinator.h">
      <Filter>Source Files\Campaign\EventCoordinator</Filter>
    </ClInclude>
    <ClInclude Include="IIndividualHumanContext.h">
      <Filter>Source Files\Kernel</Filter>
    </ClInclude>
    <ClInclude Include="ISimulationContext.h">
      <Filter>Source Files\Kernel</Filter>
    </ClInclude>
    <ClInclude Include="Susceptibility.h">
      <Filter>Source Files\Kernel</Filter>
    </ClInclude>
    <ClInclude Include="ISusceptibilityHIV.h">
      <Filter>Source Files\STI\HIV</Filter>
    </ClInclude>
    <ClInclude Include="RelationshipType.h">
      <Filter>Source Files\STI</Filter>
    </ClInclude>
    <ClInclude Include="..\interventions\InterventionForCurrentPartners.h">
      <Filter>Source Files\Campaign\IndividualTargeted\STI</Filter>
    </ClInclude>
    <ClInclude Include="IInfection.h">
      <Filter>Header Files</Filter>
    </ClInclude>
    <ClInclude Include="ISusceptibilityContext.h">
      <Filter>Header Files</Filter>
    </ClInclude>
    <ClInclude Include="NoCrtWarnings.h">
      <Filter>Header Files</Filter>
    </ClInclude>
    <ClInclude Include="IVectorMigrationReporting.h">
      <Filter>Header Files</Filter>
    </ClInclude>
    <ClInclude Include="..\interventions\AntiretroviralTherapy.h">
      <Filter>Source Files\Campaign\IndividualTargeted\STI\HIV</Filter>
    </ClInclude>
    <ClInclude Include="..\interventions\CoitalActRiskFactors.h">
      <Filter>Source Files\Campaign\IndividualTargeted\STI</Filter>
    </ClInclude>
    <ClInclude Include="..\interventions\ARTMortalityTable.h">
      <Filter>Source Files\Campaign\IndividualTargeted\STI\HIV</Filter>
    </ClInclude>
    <ClInclude Include="AdditionalRestrictionsFactory.h">
      <Filter>Source Files\Campaign\AdditionalTargeting</Filter>
    </ClInclude>
    <ClInclude Include="IAdditionalRestrictions.h">
      <Filter>Source Files\Campaign\AdditionalTargeting</Filter>
    </ClInclude>
    <ClInclude Include="AdditionalRestrictionsSTIAbstract.h">
      <Filter>Source Files\Campaign\AdditionalTargeting</Filter>
    </ClInclude>
    <ClInclude Include="AdditionalRestrictionsSTI.h">
      <Filter>Source Files\Campaign\AdditionalTargeting</Filter>
    </ClInclude>
    <ClInclude Include="AdditionalRestrictionsHIVAbstract.h">
      <Filter>Source Files\Campaign\AdditionalTargeting</Filter>
    </ClInclude>
    <ClInclude Include="AdditionalRestrictionsHIV.h">
      <Filter>Source Files\Campaign\AdditionalTargeting</Filter>
    </ClInclude>
    <ClInclude Include="AdditionalRestrictionsAbstract.h">
      <Filter>Source Files\Campaign\AdditionalTargeting</Filter>
    </ClInclude>
    <ClInclude Include="TargetingLogic.h">
      <Filter>Source Files\Campaign\AdditionalTargeting</Filter>
    </ClInclude>
    <ClInclude Include="AdditionalRestrictions.h">
      <Filter>Source Files\Campaign\AdditionalTargeting</Filter>
    </ClInclude>
    <ClInclude Include="HasRelationship.h">
      <Filter>Source Files\Campaign\AdditionalTargeting</Filter>
    </ClInclude>
    <ClInclude Include="..\interventions\AntiretroviralTherapyFull.h">
      <Filter>Source Files\Campaign\IndividualTargeted\STI\HIV</Filter>
    </ClInclude>
    <ClInclude Include="CoitalAct.h">
      <Filter>Source Files\STI</Filter>
    </ClInclude>
    <ClInclude Include="..\utils\DistributionBase.h">
      <Filter>Header Files</Filter>
    </ClInclude>
    <ClInclude Include="..\utils\Distributions.h">
      <Filter>Header Files</Filter>
    </ClInclude>
    <ClInclude Include="..\utils\DistributionFactory.h">
      <Filter>Header Files</Filter>
    </ClInclude>
    <ClInclude Include="..\utils\IPiecewiseDistribution.h">
      <Filter>Header Files</Filter>
    </ClInclude>
    <ClInclude Include="..\utils\PiecewiseDistributionBase.h">
      <Filter>Header Files</Filter>
    </ClInclude>
    <ClInclude Include="..\interventions\NLHTIVNode.h">
      <Filter>Source Files\Campaign\NodeTargeted</Filter>
    </ClInclude>
    <ClInclude Include="ReportFactory.h">
      <Filter>Source Files\Reporting</Filter>
    </ClInclude>
    <ClInclude Include="GeneticProbability.h">
      <Filter>Source Files\Vector</Filter>
    </ClInclude>
    <ClInclude Include="Insecticides.h">
      <Filter>Source Files\Vector</Filter>
    </ClInclude>
    <ClInclude Include="..\interventions\InsecticideWaningEffect.h">
      <Filter>Source Files\Campaign\WaningEffects</Filter>
    </ClInclude>
    <ClInclude Include="ContagionPopulationSimple.h">
      <Filter>Source Files\HINT</Filter>
    </ClInclude>
    <ClInclude Include="TransmissionGroupsUtils.h">
      <Filter>Source Files\HINT</Filter>
    </ClInclude>
    <ClInclude Include="IContagionPopulationGP.h">
      <Filter>Source Files\Vector</Filter>
    </ClInclude>
    <ClInclude Include="StrainAwareTransmissionGroupsGP.h">
      <Filter>Source Files\Vector</Filter>
    </ClInclude>
    <ClInclude Include="IndividualMalariaCoTransmission.h">
      <Filter>Source Files\Vector\Malaria\CoTransmission</Filter>
    </ClInclude>
    <ClInclude Include="NodeMalariaCoTransmission.h">
      <Filter>Source Files\Vector\Malaria\CoTransmission</Filter>
    </ClInclude>
    <ClInclude Include="VectorPopulationIndividualMalariaCoTran.h">
      <Filter>Source Files\Vector\Malaria\CoTransmission</Filter>
    </ClInclude>
    <ClInclude Include="StrainIdentityMalariaCoTran.h">
      <Filter>Source Files\Vector\Malaria\CoTransmission</Filter>
    </ClInclude>
    <ClInclude Include="ReportMalariaCoTran.h">
      <Filter>Source Files\Vector\Malaria\CoTransmission</Filter>
    </ClInclude>
    <ClInclude Include="MalariaCoTransmissionContexts.h">
      <Filter>Source Files\Vector\Malaria\CoTransmission</Filter>
    </ClInclude>
    <ClInclude Include="ReportEventRecorderMalariaCoTran.h">
      <Filter>Source Files\Vector\Malaria\CoTransmission</Filter>
    </ClInclude>
    <ClInclude Include="ReportEventRecorderMalaria.h">
      <Filter>Source Files\Reporting\Vector\Malaria</Filter>
    </ClInclude>
    <ClInclude Include="IVectorGenomeNames.h">
      <Filter>Source Files\Vector</Filter>
    </ClInclude>
    <ClInclude Include="NodeMalariaGenetics.h">
      <Filter>Source Files\Vector\Malaria\ParasiteGenetics</Filter>
    </ClInclude>
    <ClInclude Include="MalariaGeneticsContexts.h">
      <Filter>Source Files\Vector\Malaria\ParasiteGenetics</Filter>
    </ClInclude>
    <ClInclude Include="IndividualMalariaGenetics.h">
      <Filter>Source Files\Vector\Malaria\ParasiteGenetics</Filter>
    </ClInclude>
    <ClInclude Include="VectorPopulationIndividualMalariaGenetics.h">
      <Filter>Source Files\Vector\Malaria\ParasiteGenetics</Filter>
    </ClInclude>
    <ClInclude Include="VectorCohortIndividualMalariaGenetics.h">
      <Filter>Source Files\Vector\Malaria\ParasiteGenetics</Filter>
    </ClInclude>
    <ClInclude Include="IParasiteCohort.h">
      <Filter>Source Files\Vector\Malaria\ParasiteGenetics</Filter>
    </ClInclude>
    <ClInclude Include="ParasiteCohort.h">
      <Filter>Source Files\Vector\Malaria\ParasiteGenetics</Filter>
    </ClInclude>
    <ClInclude Include="ReportMalariaGenetics.h">
      <Filter>Source Files\Vector\Malaria\ParasiteGenetics</Filter>
    </ClInclude>
    <ClInclude Include="VectorToHumanAdapter.h">
      <Filter>Source Files\Vector</Filter>
    </ClInclude>
    <ClInclude Include="ParasiteGenetics.h">
      <Filter>Source Files\Vector\Malaria\ParasiteGenetics</Filter>
    </ClInclude>
    <ClInclude Include="ParasiteGenome.h">
      <Filter>Source Files\Vector\Malaria\ParasiteGenetics</Filter>
    </ClInclude>
    <ClInclude Include="StrainIdentityMalariaGenetics.h">
      <Filter>Source Files\Vector\Malaria\ParasiteGenetics</Filter>
    </ClInclude>
    <ClInclude Include="InfectionMalariaGenetics.h">
      <Filter>Source Files\Vector\Malaria\ParasiteGenetics</Filter>
    </ClInclude>
    <ClInclude Include="..\interventions\OutbreakIndividualMalariaGenetics.h">
      <Filter>Source Files\Campaign\IndividualTargeted\Vector\Malaria</Filter>
    </ClInclude>
    <ClInclude Include="StrainIdentityMalariaVarGenes.h">
      <Filter>Source Files\Vector\Malaria</Filter>
    </ClInclude>
    <ClInclude Include="..\interventions\OutbreakIndividualMalariaVarGenes.h">
      <Filter>Source Files\Campaign\IndividualTargeted\Vector\Malaria</Filter>
    </ClInclude>
    <ClInclude Include="SerializationParameters.h">
      <Filter>Source Files\Kernel</Filter>
    </ClInclude>
    <ClInclude Include="..\interventions\AbstractDecision.h">
      <Filter>Source Files\Campaign\IndividualTargeted</Filter>
    </ClInclude>
    <ClInclude Include="ReferenceTrackingEventCoordinatorTrackingConfig.h">
      <Filter>Source Files\Campaign\EventCoordinator\STI</Filter>
    </ClInclude>
    <ClInclude Include="..\interventions\FemaleContraceptive.h">
      <Filter>Source Files\Campaign\IndividualTargeted</Filter>
    </ClInclude>
    <ClInclude Include="..\interventions\IndividualNonDiseaseDeathRateModifier.h">
      <Filter>Source Files\Campaign\IndividualTargeted</Filter>
    </ClInclude>
    <ClInclude Include="..\interventions\StartNewRelationship.h">
      <Filter>Source Files\Campaign\IndividualTargeted\STI</Filter>
    </ClInclude>
    <ClInclude Include="StrainAwareTransmissionGroupsGPCoTran.h">
      <Filter>Source Files\Vector\Malaria\CoTransmission</Filter>
    </ClInclude>
    <ClInclude Include="FirstNodeWithNodePropertyEventCoordinator.h">
      <Filter>Source Files\Campaign\EventCoordinator</Filter>
    </ClInclude>
    <ClInclude Include="..\interventions\BroadcastCoordinatorEventFromNode.h">
      <Filter>Source Files\Campaign\NodeTargeted</Filter>
    </ClInclude>
    <ClInclude Include="NodeSTIEventContext.h">
      <Filter>Source Files\STI</Filter>
    </ClInclude>
    <ClInclude Include="..\interventions\RelationshipFormationRateChanger.h">
      <Filter>Source Files\Campaign\NodeTargeted\STI</Filter>
    </ClInclude>
    <ClInclude Include="..\interventions\CoitalActRateChanger.h">
      <Filter>Source Files\Campaign\NodeTargeted\STI</Filter>
    </ClInclude>
    <ClInclude Include="ISocietyOverrideIntervention.h">
      <Filter>Source Files\STI</Filter>
    </ClInclude>
    <ClInclude Include="..\interventions\CondomUsageProbabilityChanger.h">
      <Filter>Source Files\Campaign\NodeTargeted\STI</Filter>
    </ClInclude>
    <ClInclude Include="..\interventions\AbstractSocietyOverrideIntervention.h">
      <Filter>Source Files\Campaign\NodeTargeted\STI</Filter>
    </ClInclude>
    <ClInclude Include="INodeSTIInterventionEffectsApply.h">
      <Filter>Source Files\STI</Filter>
    </ClInclude>
    <ClInclude Include="..\interventions\RelationshipDurationChanger.h">
      <Filter>Source Files\Campaign\NodeTargeted\STI</Filter>
    </ClInclude>
    <ClInclude Include="MicrosporidiaParameters.h">
      <Filter>Source Files\Vector</Filter>
    </ClInclude>
    <ClInclude Include="..\interventions\SetSexualDebutAge.h">
      <Filter>Source Files\Campaign\IndividualTargeted\STI</Filter>
    </ClInclude>
    <ClInclude Include="VectorSurveillanceEventCoordinator.h">
      <Filter>Source Files\Campaign\EventCoordinator\Vector</Filter>
    </ClInclude>
  </ItemGroup>
  <ItemGroup>
    <ClCompile Include="Climate.cpp">
      <Filter>Source Files\Climate</Filter>
    </ClCompile>
    <ClCompile Include="ClimateByData.cpp">
      <Filter>Source Files\Climate</Filter>
    </ClCompile>
    <ClCompile Include="ClimateConstant.cpp">
      <Filter>Source Files\Climate</Filter>
    </ClCompile>
    <ClCompile Include="ClimateKoppen.cpp">
      <Filter>Source Files\Climate</Filter>
    </ClCompile>
    <ClCompile Include="Controller.cpp">
      <Filter>Source Files\Controllers</Filter>
    </ClCompile>
    <ClCompile Include="ControllerFactory.cpp">
      <Filter>Source Files\Controllers</Filter>
    </ClCompile>
    <ClCompile Include="StrainAwareTransmissionGroups.cpp">
      <Filter>Source Files\HINT</Filter>
    </ClCompile>
    <ClCompile Include="TransmissionGroupsFactory.cpp">
      <Filter>Source Files\HINT</Filter>
    </ClCompile>
    <ClCompile Include="ReportEventRecorder.cpp">
      <Filter>Source Files\Reporting</Filter>
    </ClCompile>
    <ClCompile Include="PropertyReport.cpp">
      <Filter>Source Files\Reporting</Filter>
    </ClCompile>
    <ClCompile Include="DemographicsReport.cpp">
      <Filter>Source Files\Reporting</Filter>
    </ClCompile>
    <ClCompile Include="Report.cpp">
      <Filter>Source Files\Reporting</Filter>
    </ClCompile>
    <ClCompile Include="SpatialReport.cpp">
      <Filter>Source Files\Reporting</Filter>
    </ClCompile>
    <ClCompile Include="ReportVector.cpp">
      <Filter>Source Files\Reporting\Vector</Filter>
    </ClCompile>
    <ClCompile Include="SpatialReportVector.cpp">
      <Filter>Source Files\Reporting\Vector</Filter>
    </ClCompile>
    <ClCompile Include="VectorSpeciesReport.cpp">
      <Filter>Source Files\Reporting\Vector</Filter>
    </ClCompile>
    <ClCompile Include="BinnedReportMalaria.cpp">
      <Filter>Source Files\Reporting\Vector\Malaria</Filter>
    </ClCompile>
    <ClCompile Include="ReportMalaria.cpp">
      <Filter>Source Files\Reporting\Vector\Malaria</Filter>
    </ClCompile>
    <ClCompile Include="SpatialReportMalaria.cpp">
      <Filter>Source Files\Reporting\Vector\Malaria</Filter>
    </ClCompile>
    <ClCompile Include="StiObjectFactory.cpp">
      <Filter>Source Files\Reporting\STI</Filter>
    </ClCompile>
    <ClCompile Include="StiRelationshipEndReporter.cpp">
      <Filter>Source Files\Reporting\STI</Filter>
    </ClCompile>
    <ClCompile Include="StiRelationshipStartReporter.cpp">
      <Filter>Source Files\Reporting\STI</Filter>
    </ClCompile>
    <ClCompile Include="StiRelationshipConsummatedReporter.cpp">
      <Filter>Source Files\Reporting\STI</Filter>
    </ClCompile>
    <ClCompile Include="STIReportEventRecorder.cpp">
      <Filter>Source Files\Reporting\STI</Filter>
    </ClCompile>
    <ClCompile Include="StiTransmissionReporter.cpp">
      <Filter>Source Files\Reporting\STI</Filter>
    </ClCompile>
    <ClCompile Include="RelationshipReporting.cpp">
      <Filter>Source Files\Reporting\STI</Filter>
    </ClCompile>
    <ClCompile Include="ReportSTI.cpp">
      <Filter>Source Files\Reporting\STI</Filter>
    </ClCompile>
    <ClCompile Include="HIVRelationshipStartReporter.cpp">
      <Filter>Source Files\Reporting\STI\HIV</Filter>
    </ClCompile>
    <ClCompile Include="HIVReportEventRecorder.cpp">
      <Filter>Source Files\Reporting\STI\HIV</Filter>
    </ClCompile>
    <ClCompile Include="HIVTransmissionReporter.cpp">
      <Filter>Source Files\Reporting\STI\HIV</Filter>
    </ClCompile>
    <ClCompile Include="ReportHIVART.cpp">
      <Filter>Source Files\Reporting\STI\HIV</Filter>
    </ClCompile>
    <ClCompile Include="ReportHIVByAgeAndGender.cpp">
      <Filter>Source Files\Reporting\STI\HIV</Filter>
    </ClCompile>
    <ClCompile Include="ReportHIVInfection.cpp">
      <Filter>Source Files\Reporting\STI\HIV</Filter>
    </ClCompile>
    <ClCompile Include="HivObjectFactory.cpp">
      <Filter>Source Files\Reporting\STI\HIV</Filter>
    </ClCompile>
    <ClCompile Include="ReportHIV.cpp">
      <Filter>Source Files\Reporting\STI\HIV</Filter>
    </ClCompile>
    <ClCompile Include="ReportHIVMortalityEvents.cpp">
      <Filter>Source Files\Reporting\STI\HIV</Filter>
    </ClCompile>
    <ClCompile Include="Assortivity.cpp">
      <Filter>Source Files\STI</Filter>
    </ClCompile>
    <ClCompile Include="AssortivityFactory.cpp">
      <Filter>Source Files\STI</Filter>
    </ClCompile>
    <ClCompile Include="BehaviorPfa.cpp">
      <Filter>Source Files\STI</Filter>
    </ClCompile>
    <ClCompile Include="ConcurrencyParameters.cpp">
      <Filter>Source Files\STI</Filter>
    </ClCompile>
    <ClCompile Include="NodeInfoSTI.cpp">
      <Filter>Source Files\STI</Filter>
    </ClCompile>
    <ClCompile Include="RelationshipParameters.cpp">
      <Filter>Source Files\STI</Filter>
    </ClCompile>
    <ClCompile Include="FlowControllerFactory.cpp">
      <Filter>Source Files\STI</Filter>
    </ClCompile>
    <ClCompile Include="FlowControllerImpl.cpp">
      <Filter>Source Files\STI</Filter>
    </ClCompile>
    <ClCompile Include="IndividualSTI.cpp">
      <Filter>Source Files\STI</Filter>
    </ClCompile>
    <ClCompile Include="InfectionSTI.cpp">
      <Filter>Source Files\STI</Filter>
    </ClCompile>
    <ClCompile Include="NodeSTI.cpp">
      <Filter>Source Files\STI</Filter>
    </ClCompile>
    <ClCompile Include="PairFormationParametersImpl.cpp">
      <Filter>Source Files\STI</Filter>
    </ClCompile>
    <ClCompile Include="PairFormationParamsFactory.cpp">
      <Filter>Source Files\STI</Filter>
    </ClCompile>
    <ClCompile Include="PairFormationStatsFactory.cpp">
      <Filter>Source Files\STI</Filter>
    </ClCompile>
    <ClCompile Include="PairFormationStatsImpl.cpp">
      <Filter>Source Files\STI</Filter>
    </ClCompile>
    <ClCompile Include="PfaFactory.cpp">
      <Filter>Source Files\STI</Filter>
    </ClCompile>
    <ClCompile Include="RateTableFactory.cpp">
      <Filter>Source Files\STI</Filter>
    </ClCompile>
    <ClCompile Include="RateTableImpl.cpp">
      <Filter>Source Files\STI</Filter>
    </ClCompile>
    <ClCompile Include="Relationship.cpp">
      <Filter>Source Files\STI</Filter>
    </ClCompile>
    <ClCompile Include="RelationshipGroups.cpp">
      <Filter>Source Files\STI</Filter>
    </ClCompile>
    <ClCompile Include="RelationshipManager.cpp">
      <Filter>Source Files\STI</Filter>
    </ClCompile>
    <ClCompile Include="RelationshipManagerFactory.cpp">
      <Filter>Source Files\STI</Filter>
    </ClCompile>
    <ClCompile Include="SimulationSTI.cpp">
      <Filter>Source Files\STI</Filter>
    </ClCompile>
    <ClCompile Include="SocietyFactory.cpp">
      <Filter>Source Files\STI</Filter>
    </ClCompile>
    <ClCompile Include="SocietyImpl.cpp">
      <Filter>Source Files\STI</Filter>
    </ClCompile>
    <ClCompile Include="SusceptibilitySTI.cpp">
      <Filter>Source Files\STI</Filter>
    </ClCompile>
    <ClCompile Include="AssortivityHIV.cpp">
      <Filter>Source Files\STI\HIV</Filter>
    </ClCompile>
    <ClCompile Include="FerrandAgeDependentDistribution.cpp">
      <Filter>Source Files\STI\HIV</Filter>
    </ClCompile>
    <ClCompile Include="IndividualHIV.cpp">
      <Filter>Source Files\STI\HIV</Filter>
    </ClCompile>
    <ClCompile Include="InfectionHIV.cpp">
      <Filter>Source Files\STI\HIV</Filter>
    </ClCompile>
    <ClCompile Include="NodeHIV.cpp">
      <Filter>Source Files\STI\HIV</Filter>
    </ClCompile>
    <ClCompile Include="SimulationHIV.cpp">
      <Filter>Source Files\STI\HIV</Filter>
    </ClCompile>
    <ClCompile Include="SusceptibilityHIV.cpp">
      <Filter>Source Files\STI\HIV</Filter>
    </ClCompile>
    <ClCompile Include="LarvalHabitatMultiplier.cpp">
      <Filter>Source Files\Vector</Filter>
    </ClCompile>
    <ClCompile Include="MigrationInfoVector.cpp">
      <Filter>Source Files\Vector</Filter>
    </ClCompile>
    <ClCompile Include="NodeInfoVector.cpp">
      <Filter>Source Files\Vector</Filter>
    </ClCompile>
    <ClCompile Include="IndividualVector.cpp">
      <Filter>Source Files\Vector</Filter>
    </ClCompile>
    <ClCompile Include="InfectionVector.cpp">
      <Filter>Source Files\Vector</Filter>
    </ClCompile>
    <ClCompile Include="NodeVector.cpp">
      <Filter>Source Files\Vector</Filter>
    </ClCompile>
    <ClCompile Include="SimulationVector.cpp">
      <Filter>Source Files\Vector</Filter>
    </ClCompile>
    <ClCompile Include="SusceptibilityVector.cpp">
      <Filter>Source Files\Vector</Filter>
    </ClCompile>
    <ClCompile Include="VectorCohort.cpp">
      <Filter>Source Files\Vector</Filter>
    </ClCompile>
    <ClCompile Include="VectorCohortIndividual.cpp">
      <Filter>Source Files\Vector</Filter>
    </ClCompile>
    <ClCompile Include="VectorHabitat.cpp">
      <Filter>Source Files\Vector</Filter>
    </ClCompile>
    <ClCompile Include="VectorPopulationIndividual.cpp">
      <Filter>Source Files\Vector</Filter>
    </ClCompile>
    <ClCompile Include="VectorProbabilities.cpp">
      <Filter>Source Files\Vector</Filter>
    </ClCompile>
    <ClCompile Include="VectorSpeciesParameters.cpp">
      <Filter>Source Files\Vector</Filter>
    </ClCompile>
    <ClCompile Include="IndividualMalaria.cpp">
      <Filter>Source Files\Vector\Malaria</Filter>
    </ClCompile>
    <ClCompile Include="InfectionMalaria.cpp">
      <Filter>Source Files\Vector\Malaria</Filter>
    </ClCompile>
    <ClCompile Include="MalariaAntibody.cpp">
      <Filter>Source Files\Vector\Malaria</Filter>
    </ClCompile>
    <ClCompile Include="NodeMalaria.cpp">
      <Filter>Source Files\Vector\Malaria</Filter>
    </ClCompile>
    <ClCompile Include="SimulationMalaria.cpp">
      <Filter>Source Files\Vector\Malaria</Filter>
    </ClCompile>
    <ClCompile Include="SusceptibilityMalaria.cpp">
      <Filter>Source Files\Vector\Malaria</Filter>
    </ClCompile>
    <ClCompile Include="Instrumentation.cpp">
      <Filter>Source Files\Common</Filter>
    </ClCompile>
    <ClCompile Include="DllLoader.cpp">
      <Filter>Source Files\Kernel</Filter>
    </ClCompile>
    <ClCompile Include="EventsForOtherNodes.cpp">
      <Filter>Source Files\Kernel</Filter>
    </ClCompile>
    <ClCompile Include="IMigrationInfo.cpp">
      <Filter>Source Files\Kernel</Filter>
    </ClCompile>
    <ClCompile Include="Individual.cpp">
      <Filter>Source Files\Kernel</Filter>
    </ClCompile>
    <ClCompile Include="Infection.cpp">
      <Filter>Source Files\Kernel</Filter>
    </ClCompile>
    <ClCompile Include="LoadBalanceScheme.cpp">
      <Filter>Source Files\Kernel</Filter>
    </ClCompile>
    <ClCompile Include="Migration.cpp">
      <Filter>Source Files\Kernel</Filter>
    </ClCompile>
    <ClCompile Include="MpiDataExchanger.cpp">
      <Filter>Source Files\Kernel</Filter>
    </ClCompile>
    <ClCompile Include="Node.cpp">
      <Filter>Source Files\Kernel</Filter>
    </ClCompile>
    <ClCompile Include="NodeDemographics.cpp">
      <Filter>Source Files\Kernel</Filter>
    </ClCompile>
    <ClCompile Include="NodeInfo.cpp">
      <Filter>Source Files\Kernel</Filter>
    </ClCompile>
    <ClCompile Include="NodeRankMap.cpp">
      <Filter>Source Files\Kernel</Filter>
    </ClCompile>
    <ClCompile Include="PythonSupport.cpp">
      <Filter>Source Files\Kernel</Filter>
    </ClCompile>
    <ClCompile Include="Simulation.cpp">
      <Filter>Source Files\Kernel</Filter>
    </ClCompile>
    <ClCompile Include="SimulationConfig.cpp">
      <Filter>Source Files\Kernel</Filter>
    </ClCompile>
    <ClCompile Include="SimulationFactory.cpp">
      <Filter>Source Files\Kernel</Filter>
    </ClCompile>
    <ClCompile Include="StrainIdentity.cpp">
      <Filter>Source Files\Kernel</Filter>
    </ClCompile>
    <ClCompile Include="Susceptibility.cpp">
      <Filter>Source Files\Kernel</Filter>
    </ClCompile>
    <ClCompile Include="CalendarEventCoordinator.cpp">
      <Filter>Source Files\Campaign\EventCoordinator</Filter>
    </ClCompile>
    <ClCompile Include="CoverageByNodeEventCoordinator.cpp">
      <Filter>Source Files\Campaign\EventCoordinator</Filter>
    </ClCompile>
    <ClCompile Include="DemographicRestrictions.cpp">
      <Filter>Source Files\Campaign\EventCoordinator</Filter>
    </ClCompile>
    <ClCompile Include="NChooserEventCoordinator.cpp">
      <Filter>Source Files\Campaign\EventCoordinator</Filter>
    </ClCompile>
    <ClCompile Include="PropertyRestrictions.cpp">
      <Filter>Source Files\Campaign\EventCoordinator</Filter>
    </ClCompile>
    <ClCompile Include="CampaignEvent.cpp">
      <Filter>Source Files\Campaign\EventCoordinator</Filter>
    </ClCompile>
    <ClCompile Include="NodeEventContext.cpp">
      <Filter>Source Files\Campaign\EventCoordinator</Filter>
    </ClCompile>
    <ClCompile Include="SimulationEventContext.cpp">
      <Filter>Source Files\Campaign\EventCoordinator</Filter>
    </ClCompile>
    <ClCompile Include="StandardEventCoordinator.cpp">
      <Filter>Source Files\Campaign\EventCoordinator</Filter>
    </ClCompile>
    <ClCompile Include="NodeVectorEventContext.cpp">
      <Filter>Source Files\Campaign\EventCoordinator\Vector</Filter>
    </ClCompile>
    <ClCompile Include="NodeMalariaEventContext.cpp">
      <Filter>Source Files\Campaign\EventCoordinator\Vector\Malaria</Filter>
    </ClCompile>
    <ClCompile Include="NChooserEventCoordinatorSTI.cpp">
      <Filter>Source Files\Campaign\EventCoordinator\STI</Filter>
    </ClCompile>
    <ClCompile Include="ReferenceTrackingEventCoordinator.cpp">
      <Filter>Source Files\Campaign\EventCoordinator\STI</Filter>
    </ClCompile>
    <ClCompile Include="CampaignEventByYear.cpp">
      <Filter>Source Files\Campaign\EventCoordinator\STI</Filter>
    </ClCompile>
    <ClCompile Include="NChooserEventCoordinatorHIV.cpp">
      <Filter>Source Files\Campaign\EventCoordinator\STI\HIV</Filter>
    </ClCompile>
    <ClCompile Include="ReferenceTrackingEventCoordinatorHIV.cpp">
      <Filter>Source Files\Campaign\EventCoordinator\STI\HIV</Filter>
    </ClCompile>
    <ClCompile Include="InterventionsContainer.cpp">
      <Filter>Source Files\Campaign\InterventionContainers</Filter>
    </ClCompile>
    <ClCompile Include="VectorInterventionsContainer.cpp">
      <Filter>Source Files\Campaign\InterventionContainers\Vector</Filter>
    </ClCompile>
    <ClCompile Include="MalariaInterventionsContainer.cpp">
      <Filter>Source Files\Campaign\InterventionContainers\Vector\Malaria</Filter>
    </ClCompile>
    <ClCompile Include="STIInterventionsContainer.cpp">
      <Filter>Source Files\Campaign\InterventionContainers\STI</Filter>
    </ClCompile>
    <ClCompile Include="HIVInterventionsContainer.cpp">
      <Filter>Source Files\Campaign\InterventionContainers\STI\HIV</Filter>
    </ClCompile>
    <ClCompile Include="stdafx.cpp">
      <Filter>Source Files\Common</Filter>
    </ClCompile>
    <ClCompile Include="MalariaDrugTypeParameters.cpp">
      <Filter>Source Files\Vector\Malaria</Filter>
    </ClCompile>
    <ClCompile Include="Schema.cpp">
      <Filter>Source Files\Kernel</Filter>
    </ClCompile>
    <ClCompile Include="..\interventions\BroadcastEvent.cpp">
      <Filter>Source Files\Campaign\IndividualTargeted</Filter>
    </ClCompile>
    <ClCompile Include="..\interventions\BroadcastEventToOtherNodes.cpp">
      <Filter>Source Files\Campaign\IndividualTargeted</Filter>
    </ClCompile>
    <ClCompile Include="..\interventions\CalendarIV.cpp">
      <Filter>Source Files\Campaign\IndividualTargeted</Filter>
    </ClCompile>
    <ClCompile Include="..\interventions\IndividualImmunityChanger.cpp">
      <Filter>Source Files\Campaign\IndividualTargeted</Filter>
    </ClCompile>
    <ClCompile Include="..\interventions\ControlledVaccine.cpp">
      <Filter>Source Files\Campaign\IndividualTargeted</Filter>
    </ClCompile>
    <ClCompile Include="..\interventions\MultiEffectBoosterVaccine.cpp">
      <Filter>Source Files\Campaign\IndividualTargeted</Filter>
    </ClCompile>
    <ClCompile Include="..\interventions\SimpleBoosterVaccine.cpp">
      <Filter>Source Files\Campaign\IndividualTargeted</Filter>
    </ClCompile>
    <ClCompile Include="..\interventions\MigrateIndividuals.cpp">
      <Filter>Source Files\Campaign\IndividualTargeted</Filter>
    </ClCompile>
    <ClCompile Include="..\interventions\DelayedIntervention.cpp">
      <Filter>Source Files\Campaign\IndividualTargeted</Filter>
    </ClCompile>
    <ClCompile Include="..\interventions\Diagnostics.cpp">
      <Filter>Source Files\Campaign\IndividualTargeted</Filter>
    </ClCompile>
    <ClCompile Include="..\interventions\Drugs.cpp">
      <Filter>Source Files\Campaign\IndividualTargeted</Filter>
    </ClCompile>
    <ClCompile Include="..\interventions\HealthSeekingBehavior.cpp">
      <Filter>Source Files\Campaign\IndividualTargeted</Filter>
    </ClCompile>
    <ClCompile Include="..\interventions\MultiEffectVaccine.cpp">
      <Filter>Source Files\Campaign\IndividualTargeted</Filter>
    </ClCompile>
    <ClCompile Include="..\interventions\MultiInterventionDistributor.cpp">
      <Filter>Source Files\Campaign\IndividualTargeted</Filter>
    </ClCompile>
    <ClCompile Include="..\interventions\OutbreakIndividual.cpp">
      <Filter>Source Files\Campaign\IndividualTargeted</Filter>
    </ClCompile>
    <ClCompile Include="..\interventions\PropertyValueChanger.cpp">
      <Filter>Source Files\Campaign\IndividualTargeted</Filter>
    </ClCompile>
    <ClCompile Include="..\interventions\SimpleVaccine.cpp">
      <Filter>Source Files\Campaign\IndividualTargeted</Filter>
    </ClCompile>
    <ClCompile Include="..\interventions\Bednet.cpp">
      <Filter>Source Files\Campaign\IndividualTargeted\Vector</Filter>
    </ClCompile>
    <ClCompile Include="..\interventions\HousingModification.cpp">
      <Filter>Source Files\Campaign\IndividualTargeted\Vector</Filter>
    </ClCompile>
    <ClCompile Include="..\interventions\HumanHostSeekingTrap.cpp">
      <Filter>Source Files\Campaign\IndividualTargeted\Vector</Filter>
    </ClCompile>
    <ClCompile Include="..\interventions\IndividualRepellent.cpp">
      <Filter>Source Files\Campaign\IndividualTargeted\Vector</Filter>
    </ClCompile>
    <ClCompile Include="..\interventions\Ivermectin.cpp">
      <Filter>Source Files\Campaign\IndividualTargeted\Vector</Filter>
    </ClCompile>
    <ClCompile Include="..\interventions\AntiMalarialDrug.cpp">
      <Filter>Source Files\Campaign\IndividualTargeted\Vector\Malaria</Filter>
    </ClCompile>
    <ClCompile Include="..\interventions\MalariaDiagnostic.cpp">
      <Filter>Source Files\Campaign\IndividualTargeted\Vector\Malaria</Filter>
    </ClCompile>
    <ClCompile Include="..\interventions\RTSSVaccine.cpp">
      <Filter>Source Files\Campaign\IndividualTargeted\Vector\Malaria</Filter>
    </ClCompile>
    <ClCompile Include="..\interventions\STIIsPostDebut.cpp">
      <Filter>Source Files\Campaign\IndividualTargeted\STI</Filter>
    </ClCompile>
    <ClCompile Include="..\interventions\MaleCircumcision.cpp">
      <Filter>Source Files\Campaign\IndividualTargeted\STI</Filter>
    </ClCompile>
    <ClCompile Include="..\interventions\ModifyStiCoInfectionStatus.cpp">
      <Filter>Source Files\Campaign\IndividualTargeted\STI</Filter>
    </ClCompile>
    <ClCompile Include="..\interventions\STIBarrier.cpp">
      <Filter>Source Files\Campaign\IndividualTargeted\STI</Filter>
    </ClCompile>
    <ClCompile Include="..\interventions\StiCoInfectionDiagnostic.cpp">
      <Filter>Source Files\Campaign\IndividualTargeted\STI</Filter>
    </ClCompile>
    <ClCompile Include="..\interventions\AgeDiagnostic.cpp">
      <Filter>Source Files\Campaign\IndividualTargeted\STI\HIV</Filter>
    </ClCompile>
    <ClCompile Include="..\interventions\ARTDropout.cpp">
      <Filter>Source Files\Campaign\IndividualTargeted\STI\HIV</Filter>
    </ClCompile>
    <ClCompile Include="..\interventions\CD4Diagnostic.cpp">
      <Filter>Source Files\Campaign\IndividualTargeted\STI\HIV</Filter>
    </ClCompile>
    <ClCompile Include="..\interventions\HIVARTStagingAbstract.cpp">
      <Filter>Source Files\Campaign\IndividualTargeted\STI\HIV</Filter>
    </ClCompile>
    <ClCompile Include="..\interventions\HIVMuxer.cpp">
      <Filter>Source Files\Campaign\IndividualTargeted\STI\HIV</Filter>
    </ClCompile>
    <ClCompile Include="..\interventions\HIVARTStagingByCD4Diagnostic.cpp">
      <Filter>Source Files\Campaign\IndividualTargeted\STI\HIV</Filter>
    </ClCompile>
    <ClCompile Include="..\interventions\HIVARTStagingCD4AgnosticDiagnostic.cpp">
      <Filter>Source Files\Campaign\IndividualTargeted\STI\HIV</Filter>
    </ClCompile>
    <ClCompile Include="..\interventions\HIVDelayedIntervention.cpp">
      <Filter>Source Files\Campaign\IndividualTargeted\STI\HIV</Filter>
    </ClCompile>
    <ClCompile Include="..\interventions\HIVDrawBlood.cpp">
      <Filter>Source Files\Campaign\IndividualTargeted\STI\HIV</Filter>
    </ClCompile>
    <ClCompile Include="..\interventions\HIVPiecewiseByYearAndSexDiagnostic.cpp">
      <Filter>Source Files\Campaign\IndividualTargeted\STI\HIV</Filter>
    </ClCompile>
    <ClCompile Include="..\interventions\HIVRandomChoice.cpp">
      <Filter>Source Files\Campaign\IndividualTargeted\STI\HIV</Filter>
    </ClCompile>
    <ClCompile Include="..\interventions\HIVRapidHIVDiagnostic.cpp">
      <Filter>Source Files\Campaign\IndividualTargeted\STI\HIV</Filter>
    </ClCompile>
    <ClCompile Include="..\interventions\HIVSigmoidByYearAndSexDiagnostic.cpp">
      <Filter>Source Files\Campaign\IndividualTargeted\STI\HIV</Filter>
    </ClCompile>
    <ClCompile Include="..\interventions\HIVSimpleDiagnostic.cpp">
      <Filter>Source Files\Campaign\IndividualTargeted\STI\HIV</Filter>
    </ClCompile>
    <ClCompile Include="..\interventions\PMTCT.cpp">
      <Filter>Source Files\Campaign\IndividualTargeted\STI\HIV</Filter>
    </ClCompile>
    <ClCompile Include="..\interventions\BirthTriggeredIV.cpp">
      <Filter>Source Files\Campaign\NodeTargeted</Filter>
    </ClCompile>
    <ClCompile Include="..\interventions\ImportPressure.cpp">
      <Filter>Source Files\Campaign\NodeTargeted</Filter>
    </ClCompile>
    <ClCompile Include="..\interventions\MigrateFamily.cpp">
      <Filter>Source Files\Campaign\NodeTargeted</Filter>
    </ClCompile>
    <ClCompile Include="..\interventions\NodeLevelHealthTriggeredIV.cpp">
      <Filter>Source Files\Campaign\NodeTargeted</Filter>
    </ClCompile>
    <ClCompile Include="..\interventions\Outbreak.cpp">
      <Filter>Source Files\Campaign\NodeTargeted</Filter>
    </ClCompile>
    <ClCompile Include="..\interventions\MosquitoRelease.cpp">
      <Filter>Source Files\Campaign\NodeTargeted\Vector</Filter>
    </ClCompile>
    <ClCompile Include="..\interventions\ScaleLarvalHabitat.cpp">
      <Filter>Source Files\Campaign\NodeTargeted\Vector</Filter>
    </ClCompile>
    <ClCompile Include="..\interventions\VectorControlNodeTargeted.cpp">
      <Filter>Source Files\Campaign\NodeTargeted\Vector</Filter>
    </ClCompile>
    <ClCompile Include="..\interventions\InputEIR.cpp">
      <Filter>Source Files\Campaign\NodeTargeted\Vector\Malaria</Filter>
    </ClCompile>
    <ClCompile Include="..\interventions\MalariaChallenge.cpp">
      <Filter>Source Files\Campaign\NodeTargeted\Vector\Malaria</Filter>
    </ClCompile>
    <ClCompile Include="..\interventions\WaningEffectBox.cpp">
      <Filter>Source Files\Campaign\WaningEffects</Filter>
    </ClCompile>
    <ClCompile Include="..\interventions\WaningEffectBoxExponential.cpp">
      <Filter>Source Files\Campaign\WaningEffects</Filter>
    </ClCompile>
    <ClCompile Include="..\interventions\WaningEffectExponential.cpp">
      <Filter>Source Files\Campaign\WaningEffects</Filter>
    </ClCompile>
    <ClCompile Include="..\interventions\WaningEffectConstant.cpp">
      <Filter>Source Files\Campaign\WaningEffects</Filter>
    </ClCompile>
    <ClCompile Include="..\interventions\WaningEffectFactory.cpp">
      <Filter>Source Files\Campaign\WaningEffects</Filter>
    </ClCompile>
    <ClCompile Include="..\interventions\WaningEffectMap.cpp">
      <Filter>Source Files\Campaign\WaningEffects</Filter>
    </ClCompile>
    <ClCompile Include="SerializedPopulation.cpp">
      <Filter>Source Files\Kernel</Filter>
    </ClCompile>
    <ClCompile Include="..\interventions\UsageDependentBednet.cpp">
      <Filter>Source Files\Campaign\IndividualTargeted\Vector</Filter>
    </ClCompile>
    <ClCompile Include="..\interventions\WaningEffectMapAge.cpp">
      <Filter>Source Files\Campaign\WaningEffects</Filter>
    </ClCompile>
    <ClCompile Include="..\interventions\WaningEffectMapSeasonal.cpp">
      <Filter>Source Files\Campaign\WaningEffects</Filter>
    </ClCompile>
    <ClCompile Include="..\interventions\WaningEffectRandomBox.cpp">
      <Filter>Source Files\Campaign\WaningEffects</Filter>
    </ClCompile>
    <ClCompile Include="CommunityHealthWorkerEventCoordinator.cpp">
      <Filter>Source Files\Campaign\EventCoordinator</Filter>
    </ClCompile>
    <ClCompile Include="..\interventions\NodePropertyValueChanger.cpp">
      <Filter>Source Files\Campaign\NodeTargeted</Filter>
    </ClCompile>
    <ClCompile Include="ReportUtilitiesSTI.cpp">
      <Filter>Source Files\Reporting\STI</Filter>
    </ClCompile>
    <ClCompile Include="BinnedReportSTI.cpp">
      <Filter>Source Files\Reporting\STI</Filter>
    </ClCompile>
    <ClCompile Include="..\interventions\BitingRisk.cpp">
      <Filter>Source Files\Campaign\IndividualTargeted\Vector</Filter>
    </ClCompile>
    <ClCompile Include="IncidenceEventCoordinator.cpp">
      <Filter>Source Files\Campaign\EventCoordinator</Filter>
    </ClCompile>
    <ClCompile Include="..\interventions\AdherentDrug.cpp">
      <Filter>Source Files\Campaign\IndividualTargeted\Vector\Malaria</Filter>
    </ClCompile>
    <ClCompile Include="..\interventions\WaningEffectCombo.cpp">
      <Filter>Source Files\Campaign\WaningEffects</Filter>
    </ClCompile>
    <ClCompile Include="..\interventions\WaningEffectMapCount.cpp">
      <Filter>Source Files\Campaign\WaningEffects</Filter>
    </ClCompile>
    <ClCompile Include="..\interventions\MultiNodeInterventionDistributor.cpp">
      <Filter>Source Files\Campaign\NodeTargeted</Filter>
    </ClCompile>
    <ClCompile Include="..\interventions\DrugModel.cpp">
      <Filter>Source Files\Campaign\IndividualTargeted</Filter>
    </ClCompile>
    <ClCompile Include="..\interventions\DrugModelAntiMalarial.cpp">
      <Filter>Source Files\Campaign\IndividualTargeted\Vector\Malaria</Filter>
    </ClCompile>
    <ClCompile Include="..\interventions\MultiPackComboDrug.cpp">
      <Filter>Source Files\Campaign\IndividualTargeted\Vector\Malaria</Filter>
    </ClCompile>
    <ClCompile Include="..\interventions\StandardDiagnostic.cpp">
      <Filter>Source Files\Campaign\IndividualTargeted</Filter>
    </ClCompile>
    <ClCompile Include="VectorGenome.cpp">
      <Filter>Source Files\Vector</Filter>
    </ClCompile>
    <ClCompile Include="VectorFertilizer.cpp">
      <Filter>Source Files\Vector</Filter>
    </ClCompile>
    <ClCompile Include="VectorGene.cpp">
      <Filter>Source Files\Vector</Filter>
    </ClCompile>
    <ClCompile Include="VectorGamete.cpp">
      <Filter>Source Files\Vector</Filter>
    </ClCompile>
    <ClCompile Include="VectorTraitModifiers.cpp">
      <Filter>Source Files\Vector</Filter>
    </ClCompile>
    <ClCompile Include="VectorPopulation.cpp">
      <Filter>Source Files\Vector</Filter>
    </ClCompile>
    <ClCompile Include="VectorGeneDriver.cpp">
      <Filter>Source Files\Vector</Filter>
    </ClCompile>
    <ClCompile Include="VectorCohortCollection.cpp">
      <Filter>Source Files\Vector</Filter>
    </ClCompile>
    <ClCompile Include="..\interventions\ImmunityBloodTest.cpp">
      <Filter>Source Files\Campaign\IndividualTargeted</Filter>
    </ClCompile>
    <ClCompile Include="BroadcasterImpl.cpp">
      <Filter>Source Files\Campaign\EventCoordinator</Filter>
    </ClCompile>
    <ClCompile Include="ReportEventRecorderCoordinator.cpp">
      <Filter>Source Files\Reporting</Filter>
    </ClCompile>
    <ClCompile Include="ReportEventRecorderNode.cpp">
      <Filter>Source Files\Reporting</Filter>
    </ClCompile>
    <ClCompile Include="BroadcastCoordinatorEvent.cpp">
      <Filter>Source Files\Campaign\EventCoordinator</Filter>
    </ClCompile>
    <ClCompile Include="..\interventions\BroadcastNodeEvent.cpp">
      <Filter>Source Files\Campaign\NodeTargeted</Filter>
    </ClCompile>
    <ClCompile Include="IncidenceCounterSurveillance.cpp">
      <Filter>Source Files\Campaign\EventCoordinator</Filter>
    </ClCompile>
    <ClCompile Include="SurveillanceEventCoordinator.cpp">
      <Filter>Source Files\Campaign\EventCoordinator</Filter>
    </ClCompile>
    <ClCompile Include="TriggeredEventCoordinator.cpp">
      <Filter>Source Files\Campaign\EventCoordinator</Filter>
    </ClCompile>
    <ClCompile Include="ReportSurveillanceEventRecorder.cpp">
      <Filter>Source Files\Reporting</Filter>
    </ClCompile>
    <ClCompile Include="ReportStatsByIP.cpp">
      <Filter>Source Files\Reporting</Filter>
    </ClCompile>
    <ClCompile Include="DelayEventCoordinator.cpp">
      <Filter>Source Files\Campaign\EventCoordinator</Filter>
    </ClCompile>
    <ClCompile Include="RelationshipType.cpp">
      <Filter>Source Files\STI</Filter>
    </ClCompile>
    <ClCompile Include="..\interventions\InterventionForCurrentPartners.cpp">
      <Filter>Source Files\Campaign\IndividualTargeted\STI</Filter>
    </ClCompile>
    <ClCompile Include="..\interventions\NLHTIVNode.cpp">
      <Filter>Source Files\Campaign\NodeTargeted</Filter>
    </ClCompile>
    <ClCompile Include="ReportFactory.cpp">
      <Filter>Source Files\Reporting</Filter>
    </ClCompile>
    <ClCompile Include="GeneticProbability.cpp">
      <Filter>Source Files\Vector</Filter>
    </ClCompile>
    <ClCompile Include="Insecticides.cpp">
      <Filter>Source Files\Vector</Filter>
    </ClCompile>
    <ClCompile Include="..\interventions\InsecticideWaningEffect.cpp">
      <Filter>Source Files\Campaign\WaningEffects</Filter>
    </ClCompile>
    <ClCompile Include="ContagionPopulationSimple.cpp">
      <Filter>Source Files\HINT</Filter>
    </ClCompile>
    <ClCompile Include="TransmissionGroupsUtils.cpp">
      <Filter>Source Files\HINT</Filter>
    </ClCompile>
    <ClCompile Include="StrainAwareTransmissionGroupsGP.cpp">
      <Filter>Source Files\Vector</Filter>
    </ClCompile>
    <ClCompile Include="IndividualMalariaCoTransmission.cpp">
      <Filter>Source Files\Vector\Malaria\CoTransmission</Filter>
    </ClCompile>
    <ClCompile Include="NodeMalariaCoTransmission.cpp">
      <Filter>Source Files\Vector\Malaria\CoTransmission</Filter>
    </ClCompile>
    <ClCompile Include="VectorPopulationIndividualMalariaCoTran.cpp">
      <Filter>Source Files\Vector\Malaria\CoTransmission</Filter>
    </ClCompile>
    <ClCompile Include="StrainIdentityMalariaCoTran.cpp">
      <Filter>Source Files\Vector\Malaria\CoTransmission</Filter>
    </ClCompile>
    <ClCompile Include="ReportMalariaCoTran.cpp">
      <Filter>Source Files\Vector\Malaria\CoTransmission</Filter>
    </ClCompile>
    <ClCompile Include="ReportEventRecorderMalariaCoTran.cpp">
      <Filter>Source Files\Vector\Malaria\CoTransmission</Filter>
    </ClCompile>
    <ClCompile Include="ReportEventRecorderMalaria.cpp">
      <Filter>Source Files\Reporting\Vector\Malaria</Filter>
    </ClCompile>
    <ClCompile Include="NodeMalariaGenetics.cpp">
      <Filter>Source Files\Vector\Malaria\ParasiteGenetics</Filter>
    </ClCompile>
    <ClCompile Include="IndividualMalariaGenetics.cpp">
      <Filter>Source Files\Vector\Malaria\ParasiteGenetics</Filter>
    </ClCompile>
    <ClCompile Include="VectorPopulationIndividualMalariaGenetics.cpp">
      <Filter>Source Files\Vector\Malaria\ParasiteGenetics</Filter>
    </ClCompile>
    <ClCompile Include="VectorCohortIndividualMalariaGenetics.cpp">
      <Filter>Source Files\Vector\Malaria\ParasiteGenetics</Filter>
    </ClCompile>
    <ClCompile Include="ParasiteCohort.cpp">
      <Filter>Source Files\Vector\Malaria\ParasiteGenetics</Filter>
    </ClCompile>
    <ClCompile Include="ReportMalariaGenetics.cpp">
      <Filter>Source Files\Vector\Malaria\ParasiteGenetics</Filter>
    </ClCompile>
    <ClCompile Include="VectorToHumanAdapter.cpp">
      <Filter>Source Files\Vector</Filter>
    </ClCompile>
    <ClCompile Include="ParasiteGenetics.cpp">
      <Filter>Source Files\Vector\Malaria\ParasiteGenetics</Filter>
    </ClCompile>
    <ClCompile Include="ParasiteGenome.cpp">
      <Filter>Source Files\Vector\Malaria\ParasiteGenetics</Filter>
    </ClCompile>
    <ClCompile Include="StrainIdentityMalariaGenetics.cpp">
      <Filter>Source Files\Vector\Malaria\ParasiteGenetics</Filter>
    </ClCompile>
    <ClCompile Include="InfectionMalariaGenetics.cpp">
      <Filter>Source Files\Vector\Malaria\ParasiteGenetics</Filter>
    </ClCompile>
    <ClCompile Include="..\interventions\OutbreakIndividualMalariaGenetics.cpp">
      <Filter>Source Files\Campaign\IndividualTargeted\Vector\Malaria</Filter>
    </ClCompile>
    <ClCompile Include="StrainIdentityMalariaVarGenes.cpp">
      <Filter>Source Files\Vector\Malaria</Filter>
    </ClCompile>
    <ClCompile Include="..\interventions\OutbreakIndividualMalariaVarGenes.cpp">
      <Filter>Source Files\Campaign\IndividualTargeted\Vector\Malaria</Filter>
    </ClCompile>
    <ClCompile Include="SerializationParameters.cpp">
      <Filter>Source Files\Kernel</Filter>
    </ClCompile>
    <ClCompile Include="..\interventions\AntiretroviralTherapy.cpp">
      <Filter>Source Files\Campaign\IndividualTargeted\STI\HIV</Filter>
    </ClCompile>
    <ClCompile Include="..\interventions\CoitalActRiskFactors.cpp">
      <Filter>Source Files\Campaign\IndividualTargeted\STI</Filter>
    </ClCompile>
    <ClCompile Include="..\interventions\ARTMortalityTable.cpp">
      <Filter>Source Files\Campaign\IndividualTargeted\STI\HIV</Filter>
    </ClCompile>
    <ClCompile Include="AdditionalRestrictionsFactory.cpp">
      <Filter>Source Files\Campaign\AdditionalTargeting</Filter>
    </ClCompile>
    <ClCompile Include="AdditionalRestrictionsSTIAbstract.cpp">
      <Filter>Source Files\Campaign\AdditionalTargeting</Filter>
    </ClCompile>
    <ClCompile Include="AdditionalRestrictionsSTI.cpp">
      <Filter>Source Files\Campaign\AdditionalTargeting</Filter>
    </ClCompile>
    <ClCompile Include="AdditionalRestrictionsHIVAbstract.cpp">
      <Filter>Source Files\Campaign\AdditionalTargeting</Filter>
    </ClCompile>
    <ClCompile Include="AdditionalRestrictionsHIV.cpp">
      <Filter>Source Files\Campaign\AdditionalTargeting</Filter>
    </ClCompile>
    <ClCompile Include="AdditionalRestrictionsAbstract.cpp">
      <Filter>Source Files\Campaign\AdditionalTargeting</Filter>
    </ClCompile>
    <ClCompile Include="TargetingLogic.cpp">
      <Filter>Source Files\Campaign\AdditionalTargeting</Filter>
    </ClCompile>
    <ClCompile Include="AdditionalRestrictions.cpp">
      <Filter>Source Files\Campaign\AdditionalTargeting</Filter>
    </ClCompile>
    <ClCompile Include="HasRelationship.cpp">
      <Filter>Source Files\Campaign\AdditionalTargeting</Filter>
    </ClCompile>
    <ClCompile Include="..\interventions\AntiretroviralTherapyFull.cpp">
      <Filter>Source Files\Campaign\IndividualTargeted\STI\HIV</Filter>
    </ClCompile>
    <ClCompile Include="CoitalAct.cpp">
      <Filter>Source Files\STI</Filter>
    </ClCompile>
    <ClCompile Include="..\interventions\AbstractDecision.cpp">
      <Filter>Source Files\Campaign\IndividualTargeted</Filter>
    </ClCompile>
    <ClCompile Include="ReferenceTrackingEventCoordinatorTrackingConfig.cpp">
      <Filter>Source Files\Campaign\EventCoordinator\STI</Filter>
    </ClCompile>
    <ClCompile Include="..\interventions\FemaleContraceptive.cpp">
      <Filter>Source Files\Campaign\IndividualTargeted</Filter>
    </ClCompile>
    <ClCompile Include="..\interventions\IndividualNonDiseaseDeathRateModifier.cpp">
      <Filter>Source Files\Campaign\IndividualTargeted</Filter>
    </ClCompile>
    <ClCompile Include="..\interventions\StartNewRelationship.cpp">
      <Filter>Source Files\Campaign\IndividualTargeted\STI</Filter>
    </ClCompile>
    <ClCompile Include="StrainAwareTransmissionGroupsGPCoTran.cpp">
      <Filter>Source Files\Vector\Malaria\CoTransmission</Filter>
    </ClCompile>
    <ClCompile Include="FirstNodeWithNodePropertyEventCoordinator.cpp">
      <Filter>Source Files\Campaign\EventCoordinator</Filter>
    </ClCompile>
    <ClCompile Include="..\interventions\BroadcastCoordinatorEventFromNode.cpp">
      <Filter>Source Files\Campaign\NodeTargeted</Filter>
    </ClCompile>
    <ClCompile Include="NodeSTIEventContext.cpp">
      <Filter>Source Files\STI</Filter>
    </ClCompile>
    <ClCompile Include="..\interventions\RelationshipFormationRateChanger.cpp">
      <Filter>Source Files\Campaign\NodeTargeted\STI</Filter>
    </ClCompile>
    <ClCompile Include="..\interventions\CoitalActRateChanger.cpp">
      <Filter>Source Files\Campaign\NodeTargeted\STI</Filter>
    </ClCompile>
    <ClCompile Include="..\interventions\CondomUsageProbabilityChanger.cpp">
      <Filter>Source Files\Campaign\NodeTargeted\STI</Filter>
    </ClCompile>
    <ClCompile Include="..\interventions\AbstractSocietyOverrideIntervention.cpp">
      <Filter>Source Files\Campaign\NodeTargeted\STI</Filter>
    </ClCompile>
    <ClCompile Include="..\interventions\RelationshipDurationChanger.cpp">
      <Filter>Source Files\Campaign\NodeTargeted\STI</Filter>
    </ClCompile>
    <ClCompile Include="MicrosporidiaParameters.cpp">
      <Filter>Source Files\Vector</Filter>
    </ClCompile>
    <ClCompile Include="..\interventions\SetSexualDebutAge.cpp">
      <Filter>Source Files\Campaign\IndividualTargeted\STI</Filter>
    </ClCompile>
    <ClCompile Include="VectorSurveillanceEventCoordinator.cpp">
      <Filter>Source Files\Campaign\EventCoordinator\Vector</Filter>
    </ClCompile>
  </ItemGroup>
</Project>