<?xml version="1.0" encoding="utf-8"?>
<Project xmlns="http://schemas.microsoft.com/developer/msbuild/2003" ToolsVersion="4.0">
  <ItemGroup>
    <Filter Include="Header Files">
      <UniqueIdentifier>{93995380-89BD-4b04-88EB-625FBE52EBFB}</UniqueIdentifier>
      <Extensions>h;hpp;hxx;hm;inl;inc;xsd</Extensions>
    </Filter>
    <Filter Include="Source Files">
      <UniqueIdentifier>{4FC737F1-C7A5-4376-A066-2A32D752A2FF}</UniqueIdentifier>
      <Extensions>cpp;c;cc;cxx;def;odl;idl;hpj;bat;asm;asmx</Extensions>
    </Filter>
    <Filter Include="Source Files\Resource Files">
      <UniqueIdentifier>{67DA6AB6-F800-4c08-8B7A-83BB121AAD01}</UniqueIdentifier>
      <Extensions>rc;ico;cur;bmp;dlg;rc2;rct;bin;rgs;gif;jpg;jpeg;jpe;resx;tiff;tif;png;wav;mfcribbon-ms</Extensions>
    </Filter>
  </ItemGroup>
  <ItemGroup>
    <ClInclude Include="stdafx.h">
      <Filter>Header Files</Filter>
    </ClInclude>
    <ClInclude Include="targetver.h">
      <Filter>Header Files</Filter>
    </ClInclude>
    <ClInclude Include="INodeContextFake.h">
      <Filter>Header Files</Filter>
    </ClInclude>
    <ClInclude Include="IndividualHumanContextFake.h">
      <Filter>Header Files</Filter>
    </ClInclude>
    <ClInclude Include="INodeEventContextFake.h">
      <Filter>Header Files</Filter>
    </ClInclude>
    <ClInclude Include="IndividualHumanInterventionsContextFake.h">
      <Filter>Header Files</Filter>
    </ClInclude>
    <ClInclude Include="ICampaignCostObserverFake.h">
      <Filter>Header Files</Filter>
    </ClInclude>
    <ClInclude Include="ISusceptibilityHIVFake.h">
      <Filter>Header Files</Filter>
    </ClInclude>
    <ClInclude Include="RandomFake.h">
      <Filter>Header Files</Filter>
    </ClInclude>
    <ClInclude Include="ISimulationEventContextFake.h">
      <Filter>Header Files</Filter>
    </ClInclude>
    <ClInclude Include="VectorPopulationHelper.h">
      <Filter>Header Files</Filter>
    </ClInclude>
    <ClInclude Include="FakeLogger.h">
      <Filter>Header Files</Filter>
    </ClInclude>
    <ClInclude Include="ChiSquare.h">
      <Filter>Header Files</Filter>
    </ClInclude>
    <ClInclude Include="componentTests.h">
      <Filter>Header Files</Filter>
    </ClInclude>
    <ClInclude Include="PfaFixture.h">
      <Filter>Header Files</Filter>
    </ClInclude>
    <ClInclude Include="HIVInterventionsContainerFake.h">
      <Filter>Header Files</Filter>
    </ClInclude>
  </ItemGroup>
  <ItemGroup>
    <ClCompile Include="stdafx.cpp">
      <Filter>Source Files</Filter>
    </ClCompile>
    <ClCompile Include="componentTests.cpp">
      <Filter>Source Files</Filter>
    </ClCompile>
    <ClCompile Include="HIVSimpleDiagnosticTest.cpp">
      <Filter>Source Files</Filter>
    </ClCompile>
    <ClCompile Include="ProgramOptionsTest.cpp">
      <Filter>Source Files</Filter>
    </ClCompile>
    <ClCompile Include="FileSystemTest.cpp">
      <Filter>Source Files</Filter>
    </ClCompile>
    <ClCompile Include="HIVDrawBloodTest.cpp">
      <Filter>Source Files</Filter>
    </ClCompile>
    <ClCompile Include="HIVARTStagingByCD4DiagnosticTest.cpp">
      <Filter>Source Files</Filter>
    </ClCompile>
    <ClCompile Include="HIVARTStagingCD4AgnosticDiagnosticTest.cpp">
      <Filter>Source Files</Filter>
    </ClCompile>
    <ClCompile Include="JsonObjectDemogTest.cpp">
      <Filter>Source Files</Filter>
    </ClCompile>
    <ClCompile Include="BaseEventReportTest.cpp">
      <Filter>Source Files</Filter>
    </ClCompile>
    <ClCompile Include="PairFormationParametersImplTest.cpp">
      <Filter>Source Files</Filter>
    </ClCompile>
    <ClCompile Include="PairFormationParametersImplTest.cpp">
      <Filter>Source Files</Filter>
    </ClCompile>
    <ClCompile Include="RateTableImplTest.cpp">
      <Filter>Source Files</Filter>
    </ClCompile>
    <ClCompile Include="PairFormationStatsImplTest.cpp">
      <Filter>Source Files</Filter>
    </ClCompile>
    <ClCompile Include="FlowControllerImplTest.cpp">
      <Filter>Source Files</Filter>
    </ClCompile>
    <ClCompile Include="AssortivityTest.cpp">
      <Filter>Source Files</Filter>
    </ClCompile>
    <ClCompile Include="BehaviorPfaTest.cpp">
      <Filter>Source Files</Filter>
    </ClCompile>
    <ClCompile Include="NodeDemographicsTest.cpp">
      <Filter>Source Files</Filter>
    </ClCompile>
    <ClCompile Include="MathFunctionsTest.cpp">
      <Filter>Source Files</Filter>
    </ClCompile>
    <ClCompile Include="SigmoidTest.cpp">
      <Filter>Source Files</Filter>
    </ClCompile>
    <ClCompile Include="STIIsPostDebutTest.cpp">
      <Filter>Source Files</Filter>
    </ClCompile>
    <ClCompile Include="InterpolatedValueMapTest.cpp">
      <Filter>Source Files</Filter>
    </ClCompile>
    <ClCompile Include="MigrationTest.cpp">
      <Filter>Source Files</Filter>
    </ClCompile>
    <ClCompile Include="SerializationTest.cpp">
      <Filter>Source Files</Filter>
    </ClCompile>
    <ClCompile Include="LoadBalanceSchemeTest.cpp">
      <Filter>Source Files</Filter>
    </ClCompile>
    <ClCompile Include="MigrateIndividualsTest.cpp">
      <Filter>Source Files</Filter>
    </ClCompile>
    <ClCompile Include="PrngTest.cpp">
      <Filter>Source Files</Filter>
    </ClCompile>
    <ClCompile Include="NChooserEventCoordinatorTest.cpp">
      <Filter>Source Files</Filter>
    </ClCompile>
    <ClCompile Include="RelationshipParametersTest.cpp">
      <Filter>Source Files</Filter>
    </ClCompile>
    <ClCompile Include="ConcurrencyParametersTest.cpp">
      <Filter>Source Files</Filter>
    </ClCompile>
    <ClCompile Include="WaningEffectMapTest.cpp">
      <Filter>Source Files</Filter>
    </ClCompile>
    <ClCompile Include="PropertiesTest.cpp">
      <Filter>Source Files</Filter>
    </ClCompile>
    <ClCompile Include="LarvalHabitatMultiplierTest.cpp">
      <Filter>Source Files</Filter>
    </ClCompile>
    <ClCompile Include="CommunityHealthWorkerEventCoordinatorTest.cpp">
      <Filter>Source Files</Filter>
    </ClCompile>
    <ClCompile Include="NodePropertiesTest.cpp">
      <Filter>Source Files</Filter>
    </ClCompile>
    <ClCompile Include="TestChiSquare.cpp">
      <Filter>Source Files</Filter>
    </ClCompile>
    <ClCompile Include="InterventionForCurrentPartnersTest.cpp">
      <Filter>Source Files</Filter>
    </ClCompile>
    <ClCompile Include="ReportUtilitiesTest.cpp">
      <Filter>Source Files</Filter>
    </ClCompile>
    <ClCompile Include="RandomNumberGeneratorFactoryTest.cpp">
      <Filter>Source Files</Filter>
    </ClCompile>
    <ClCompile Include="InterventionForCurrentPartnersTest.cpp">
      <Filter>Source Files</Filter>
    </ClCompile>
    <ClCompile Include="ReportUtilitiesTest.cpp">
      <Filter>Source Files</Filter>
    </ClCompile>
    <ClCompile Include="IncidenceEventCoordinatorTest.cpp">
      <Filter>Source Files</Filter>
    </ClCompile>
    <ClCompile Include="MalariaDrugTypeParametersTest.cpp">
      <Filter>Source Files</Filter>
    </ClCompile>
    <ClCompile Include="ReportUtilitiesMalariaTest.cpp">
      <Filter>Source Files</Filter>
    </ClCompile>
    <ClCompile Include="AdherentDrugTest.cpp">
      <Filter>Source Files</Filter>
    </ClCompile>
    <ClCompile Include="WaningEffectComboTest.cpp">
      <Filter>Source Files</Filter>
    </ClCompile>
    <ClCompile Include="ConfigureTest.cpp">
      <Filter>Source Files</Filter>
    </ClCompile>
    <ClCompile Include="DelayedInterventionTest.cpp">
      <Filter>Source Files</Filter>
    </ClCompile>
    <ClCompile Include="SugarTrapTest.cpp">
      <Filter>Source Files</Filter>
    </ClCompile>
    <ClCompile Include="VectorGenomeTest.cpp">
      <Filter>Source Files</Filter>
    </ClCompile>
    <ClCompile Include="VectorGameteTest.cpp">
      <Filter>Source Files</Filter>
    </ClCompile>
    <ClCompile Include="VectorGeneTest.cpp">
      <Filter>Source Files</Filter>
    </ClCompile>
    <ClCompile Include="VectorTraitModifiersTest.cpp">
      <Filter>Source Files</Filter>
    </ClCompile>
    <ClCompile Include="VectorFertilizerTest.cpp">
      <Filter>Source Files</Filter>
    </ClCompile>
    <ClCompile Include="MosquitoReleaseTest.cpp">
      <Filter>Source Files</Filter>
    </ClCompile>
    <ClCompile Include="VectorGeneDriverTest.cpp">
      <Filter>Source Files</Filter>
    </ClCompile>
    <ClCompile Include="VectorCohortCollectionTest.cpp">
      <Filter>Source Files</Filter>
    </ClCompile>
    <ClCompile Include="VectorCohortTest.cpp">
      <Filter>Source Files</Filter>
    </ClCompile>
    <ClCompile Include="VectorPopulationTest.cpp">
      <Filter>Source Files</Filter>
    </ClCompile>
    <ClCompile Include="VectorPopulationIndividualTest.cpp">
      <Filter>Source Files</Filter>
    </ClCompile>
    <ClCompile Include="VectorPopulationHelper.cpp">
      <Filter>Source Files</Filter>
    </ClCompile>
    <ClCompile Include="VectorInterventionsContainerTest.cpp">
      <Filter>Source Files</Filter>
    </ClCompile>
    <ClCompile Include="TransmissionGroupsTest.cpp">
      <Filter>Source Files</Filter>
    </ClCompile>
    <ClCompile Include="CampaignEventByYearTest.cpp">
      <Filter>Source Files</Filter>
    </ClCompile>
    <ClCompile Include="FakeLogger.cpp">
      <Filter>Source Files</Filter>
    </ClCompile>
    <ClCompile Include="GeneticProbabilityTest.cpp">
      <Filter>Source Files</Filter>
    </ClCompile>
    <ClCompile Include="InsecticidesTest.cpp">
      <Filter>Source Files</Filter>
    </ClCompile>
    <ClCompile Include="VectorSpeciesParametersTest.cpp">
      <Filter>Source Files</Filter>
    </ClCompile>
    <ClCompile Include="ParasiteGeneticsTest.cpp">
      <Filter>Source Files</Filter>
    </ClCompile>
    <ClCompile Include="SerializationParametersTest.cpp">
      <Filter>Source Files</Filter>
    </ClCompile>
    <ClCompile Include="ARTMortalityTableTest.cpp">
      <Filter>Source Files</Filter>
    </ClCompile>
    <ClCompile Include="AdditionalRestrictionsTest.cpp">
      <Filter>Source Files</Filter>
    </ClCompile>
    <ClCompile Include="AntimalarialDrugTest.cpp">
      <Filter>Source Files</Filter>
    </ClCompile>
    <ClCompile Include="SerializedPopulationTest.cpp">
      <Filter>Source Files</Filter>
    </ClCompile>
    <ClCompile Include="numpy-filesTest.cpp">
      <Filter>Source Files</Filter>
    </ClCompile>
    <ClCompile Include="ReportNodeDemographicsMalariaGeneticsTest.cpp">
      <Filter>Source Files</Filter>
    </ClCompile>
    <ClCompile Include="VectorCounterTest.cpp">
      <Filter>Source Files</Filter>
    </ClCompile>
    <ClCompile Include="VectorCohortMaleTest.cpp">
      <Filter>Source Files</Filter>
    </ClCompile>
  </ItemGroup>
</Project>