Microsoft Visual Studio Solution File, Format Version 12.00
# Visual Studio 14
VisualStudioVersion = 14.0.25420.1
MinimumVisualStudioVersion = 10.0.40219.1
Project("{8BC9CEB8-8B4A-11D0-8D11-00A0C91BC942}") = "cajun", "..\cajun\cajun.vcxproj", "{7F91BC71-562B-44AE-A246-010C632F9796}"
EndProject
Project("{8BC9CEB8-8B4A-11D0-8D11-00A0C91BC942}") = "utils", "..\utils\utils.vcxproj", "{DE5BA452-F1C7-4FC4-83D1-CDFAAF260929}"
	ProjectSection(ProjectDependencies) = postProject
		{7F91BC71-562B-44AE-A246-010C632F9796} = {7F91BC71-562B-44AE-A246-010C632F9796}
	EndProjectSection
EndProject
Project("{8BC9CEB8-8B4A-11D0-8D11-00A0C91BC942}") = "campaign", "..\campaign\campaign.vcxproj", "{FAB434AD-C0FC-490D-8F18-E05C99B2FD52}"
EndProject
Project("{8BC9CEB8-8B4A-11D0-8D11-00A0C91BC942}") = "libvectorhabitat_report_plugin", "libvectorhabitat_report_plugin\libvectorhabitat_report_plugin.vcxproj", "{2D16CCC1-8EA8-4528-BDC7-A7718C1B6121}"
	ProjectSection(ProjectDependencies) = postProject
		{D423EC17-4DDC-430C-A153-F1EB87CCDF31} = {D423EC17-4DDC-430C-A153-F1EB87CCDF31}
		{DE5BA452-F1C7-4FC4-83D1-CDFAAF260929} = {DE5BA452-F1C7-4FC4-83D1-CDFAAF260929}
		{FAB434AD-C0FC-490D-8F18-E05C99B2FD52} = {FAB434AD-C0FC-490D-8F18-E05C99B2FD52}
	EndProjectSection
EndProject
Project("{8BC9CEB8-8B4A-11D0-8D11-00A0C91BC942}") = "BaseReportLib", "..\BaseReportLib\BaseReportLib.vcxproj", "{D423EC17-4DDC-430C-A153-F1EB87CCDF31}"
EndProject
Project("{8BC9CEB8-8B4A-11D0-8D11-00A0C91BC942}") = "libmalariaimmunity_report_plugin", "libmalariaimmunity_report_plugin\libmalariaimmunity_report_plugin.vcxproj", "{AA49B764-60B5-4AB1-ADAE-5D0B4B8580E7}"
	ProjectSection(ProjectDependencies) = postProject
		{D423EC17-4DDC-430C-A153-F1EB87CCDF31} = {D423EC17-4DDC-430C-A153-F1EB87CCDF31}
		{DE5BA452-F1C7-4FC4-83D1-CDFAAF260929} = {DE5BA452-F1C7-4FC4-83D1-CDFAAF260929}
		{FAB434AD-C0FC-490D-8F18-E05C99B2FD52} = {FAB434AD-C0FC-490D-8F18-E05C99B2FD52}
	EndProjectSection
EndProject
Project("{8BC9CEB8-8B4A-11D0-8D11-00A0C91BC942}") = "libmalariapatientJSON_report_plugin", "libmalariapatientJSON_report_plugin\libmalariapatientJSON_report_plugin.vcxproj", "{CFAB1695-C663-4A50-A2E4-B037ADBAEAAD}"
	ProjectSection(ProjectDependencies) = postProject
		{D423EC17-4DDC-430C-A153-F1EB87CCDF31} = {D423EC17-4DDC-430C-A153-F1EB87CCDF31}
		{DE5BA452-F1C7-4FC4-83D1-CDFAAF260929} = {DE5BA452-F1C7-4FC4-83D1-CDFAAF260929}
		{FAB434AD-C0FC-490D-8F18-E05C99B2FD52} = {FAB434AD-C0FC-490D-8F18-E05C99B2FD52}
	EndProjectSection
EndProject
Project("{8BC9CEB8-8B4A-11D0-8D11-00A0C91BC942}") = "libmalariasummary_report_plugin", "libmalariasummary_report_plugin\libmalariasummary_report_plugin.vcxproj", "{1FF209EF-A77A-407D-B3D8-BFD331CD0EF7}"
	ProjectSection(ProjectDependencies) = postProject
		{D423EC17-4DDC-430C-A153-F1EB87CCDF31} = {D423EC17-4DDC-430C-A153-F1EB87CCDF31}
		{DE5BA452-F1C7-4FC4-83D1-CDFAAF260929} = {DE5BA452-F1C7-4FC4-83D1-CDFAAF260929}
		{FAB434AD-C0FC-490D-8F18-E05C99B2FD52} = {FAB434AD-C0FC-490D-8F18-E05C99B2FD52}
	EndProjectSection
EndProject
Project("{8BC9CEB8-8B4A-11D0-8D11-00A0C91BC942}") = "libmalariasurveyJSON_analyzer_plugin", "libmalariasurveyJSON_analyzer_plugin\libmalariasurveyJSON_analyzer_plugin.vcxproj", "{74314E18-B6C5-4CD4-911E-A175E523DC14}"
	ProjectSection(ProjectDependencies) = postProject
		{D423EC17-4DDC-430C-A153-F1EB87CCDF31} = {D423EC17-4DDC-430C-A153-F1EB87CCDF31}
		{DE5BA452-F1C7-4FC4-83D1-CDFAAF260929} = {DE5BA452-F1C7-4FC4-83D1-CDFAAF260929}
		{FAB434AD-C0FC-490D-8F18-E05C99B2FD52} = {FAB434AD-C0FC-490D-8F18-E05C99B2FD52}
	EndProjectSection
EndProject
Project("{8BC9CEB8-8B4A-11D0-8D11-00A0C91BC942}") = "libreporteventcounter", "libreporteventcounter\libreporteventcounter.vcxproj", "{328669BF-1904-4F56-B106-185749D68C2C}"
	ProjectSection(ProjectDependencies) = postProject
		{D423EC17-4DDC-430C-A153-F1EB87CCDF31} = {D423EC17-4DDC-430C-A153-F1EB87CCDF31}
		{DE5BA452-F1C7-4FC4-83D1-CDFAAF260929} = {DE5BA452-F1C7-4FC4-83D1-CDFAAF260929}
		{FAB434AD-C0FC-490D-8F18-E05C99B2FD52} = {FAB434AD-C0FC-490D-8F18-E05C99B2FD52}
	EndProjectSection
EndProject
Project("{8BC9CEB8-8B4A-11D0-8D11-00A0C91BC942}") = "libreportpluginbasic", "libreportpluginbasic\libreportpluginbasic.vcxproj", "{14E564CF-F07E-4CBB-B26C-4D291616C3E8}"
	ProjectSection(ProjectDependencies) = postProject
		{D423EC17-4DDC-430C-A153-F1EB87CCDF31} = {D423EC17-4DDC-430C-A153-F1EB87CCDF31}
		{DE5BA452-F1C7-4FC4-83D1-CDFAAF260929} = {DE5BA452-F1C7-4FC4-83D1-CDFAAF260929}
		{FAB434AD-C0FC-490D-8F18-E05C99B2FD52} = {FAB434AD-C0FC-490D-8F18-E05C99B2FD52}
	EndProjectSection
EndProject
Project("{8BC9CEB8-8B4A-11D0-8D11-00A0C91BC942}") = "libReportNodeDemographics", "libReportNodeDemographics\libReportNodeDemographics.vcxproj", "{92EECB80-CA36-4066-A1B9-C14E061EEB14}"
	ProjectSection(ProjectDependencies) = postProject
		{D423EC17-4DDC-430C-A153-F1EB87CCDF31} = {D423EC17-4DDC-430C-A153-F1EB87CCDF31}
		{DE5BA452-F1C7-4FC4-83D1-CDFAAF260929} = {DE5BA452-F1C7-4FC4-83D1-CDFAAF260929}
		{FAB434AD-C0FC-490D-8F18-E05C99B2FD52} = {FAB434AD-C0FC-490D-8F18-E05C99B2FD52}
	EndProjectSection
EndProject
Project("{8BC9CEB8-8B4A-11D0-8D11-00A0C91BC942}") = "libvectormigration", "libvectormigration\libvectormigration.vcxproj", "{8143FE1F-A3B8-45FC-AA7C-A4578404F82C}"
	ProjectSection(ProjectDependencies) = postProject
		{D423EC17-4DDC-430C-A153-F1EB87CCDF31} = {D423EC17-4DDC-430C-A153-F1EB87CCDF31}
		{DE5BA452-F1C7-4FC4-83D1-CDFAAF260929} = {DE5BA452-F1C7-4FC4-83D1-CDFAAF260929}
		{FAB434AD-C0FC-490D-8F18-E05C99B2FD52} = {FAB434AD-C0FC-490D-8F18-E05C99B2FD52}
	EndProjectSection
EndProject
Project("{8BC9CEB8-8B4A-11D0-8D11-00A0C91BC942}") = "libhumanmigrationtracking", "libhumanmigrationtracking\libhumanmigrationtracking.vcxproj", "{18E9EB0D-B3D0-43D5-94B5-B8250D372DE2}"
	ProjectSection(ProjectDependencies) = postProject
		{D423EC17-4DDC-430C-A153-F1EB87CCDF31} = {D423EC17-4DDC-430C-A153-F1EB87CCDF31}
		{DE5BA452-F1C7-4FC4-83D1-CDFAAF260929} = {DE5BA452-F1C7-4FC4-83D1-CDFAAF260929}
		{FAB434AD-C0FC-490D-8F18-E05C99B2FD52} = {FAB434AD-C0FC-490D-8F18-E05C99B2FD52}
	EndProjectSection
EndProject
Project("{8BC9CEB8-8B4A-11D0-8D11-00A0C91BC942}") = "libvectorstats", "libvectorstats\libvectorstats.vcxproj", "{619BFF45-282D-4254-8554-748B3433F72F}"
	ProjectSection(ProjectDependencies) = postProject
		{D423EC17-4DDC-430C-A153-F1EB87CCDF31} = {D423EC17-4DDC-430C-A153-F1EB87CCDF31}
		{DE5BA452-F1C7-4FC4-83D1-CDFAAF260929} = {DE5BA452-F1C7-4FC4-83D1-CDFAAF260929}
		{FAB434AD-C0FC-490D-8F18-E05C99B2FD52} = {FAB434AD-C0FC-490D-8F18-E05C99B2FD52}
	EndProjectSection
EndProject
Project("{8BC9CEB8-8B4A-11D0-8D11-00A0C91BC942}") = "libReportMalariaFiltered", "libReportMalariaFiltered\libReportMalariaFiltered.vcxproj", "{F7E52533-F307-43E8-8F85-D0C4CAE73EEF}"
	ProjectSection(ProjectDependencies) = postProject
		{D423EC17-4DDC-430C-A153-F1EB87CCDF31} = {D423EC17-4DDC-430C-A153-F1EB87CCDF31}
		{DE5BA452-F1C7-4FC4-83D1-CDFAAF260929} = {DE5BA452-F1C7-4FC4-83D1-CDFAAF260929}
		{FAB434AD-C0FC-490D-8F18-E05C99B2FD52} = {FAB434AD-C0FC-490D-8F18-E05C99B2FD52}
	EndProjectSection
EndProject
Project("{8BC9CEB8-8B4A-11D0-8D11-00A0C91BC942}") = "libReportRelationshipCensus", "libReportRelationshipCensus\libReportRelationshipCensus.vcxproj", "{8E164141-6881-42E3-854C-5222FE080289}"
	ProjectSection(ProjectDependencies) = postProject
		{D423EC17-4DDC-430C-A153-F1EB87CCDF31} = {D423EC17-4DDC-430C-A153-F1EB87CCDF31}
		{DE5BA452-F1C7-4FC4-83D1-CDFAAF260929} = {DE5BA452-F1C7-4FC4-83D1-CDFAAF260929}
		{FAB434AD-C0FC-490D-8F18-E05C99B2FD52} = {FAB434AD-C0FC-490D-8F18-E05C99B2FD52}
	EndProjectSection
EndProject
Project("{8BC9CEB8-8B4A-11D0-8D11-00A0C91BC942}") = "libSpatialReportMalariaFiltered", "libSpatialReportMalariaFiltered\libSpatialReportMalariaFiltered.vcxproj", "{6E5CE242-C8C3-48AE-BC47-44B8A1EEB5B3}"
	ProjectSection(ProjectDependencies) = postProject
		{D423EC17-4DDC-430C-A153-F1EB87CCDF31} = {D423EC17-4DDC-430C-A153-F1EB87CCDF31}
		{DE5BA452-F1C7-4FC4-83D1-CDFAAF260929} = {DE5BA452-F1C7-4FC4-83D1-CDFAAF260929}
		{7F91BC71-562B-44AE-A246-010C632F9796} = {7F91BC71-562B-44AE-A246-010C632F9796}
		{FAB434AD-C0FC-490D-8F18-E05C99B2FD52} = {FAB434AD-C0FC-490D-8F18-E05C99B2FD52}
	EndProjectSection
EndProject
Project("{8BC9CEB8-8B4A-11D0-8D11-00A0C91BC942}") = "libReportMalariaTransmissions", "libReportMalariaTransmissions\libReportMalariaTransmissions.vcxproj", "{67932CFB-A1C5-4ADC-B1B8-A7D6514F1D47}"
	ProjectSection(ProjectDependencies) = postProject
		{D423EC17-4DDC-430C-A153-F1EB87CCDF31} = {D423EC17-4DDC-430C-A153-F1EB87CCDF31}
		{DE5BA452-F1C7-4FC4-83D1-CDFAAF260929} = {DE5BA452-F1C7-4FC4-83D1-CDFAAF260929}
		{FAB434AD-C0FC-490D-8F18-E05C99B2FD52} = {FAB434AD-C0FC-490D-8F18-E05C99B2FD52}
	EndProjectSection
EndProject
Project("{8BC9CEB8-8B4A-11D0-8D11-00A0C91BC942}") = "libReportNodeDemographicsMalaria", "libReportNodeDemographics\libReportNodeDemographicsMalaria.vcxproj", "{DFEF85C2-CFFA-4668-AAFB-BEA8B6D1F986}"
	ProjectSection(ProjectDependencies) = postProject
		{D423EC17-4DDC-430C-A153-F1EB87CCDF31} = {D423EC17-4DDC-430C-A153-F1EB87CCDF31}
		{DE5BA452-F1C7-4FC4-83D1-CDFAAF260929} = {DE5BA452-F1C7-4FC4-83D1-CDFAAF260929}
		{FAB434AD-C0FC-490D-8F18-E05C99B2FD52} = {FAB434AD-C0FC-490D-8F18-E05C99B2FD52}
	EndProjectSection
EndProject
Project("{8BC9CEB8-8B4A-11D0-8D11-00A0C91BC942}") = "libvectorstatsmalaria", "libvectorstats\libvectorstatsmalaria.vcxproj", "{F9F567AC-58FF-4725-A81D-D9C36749A96B}"
	ProjectSection(ProjectDependencies) = postProject
		{D423EC17-4DDC-430C-A153-F1EB87CCDF31} = {D423EC17-4DDC-430C-A153-F1EB87CCDF31}
		{DE5BA452-F1C7-4FC4-83D1-CDFAAF260929} = {DE5BA452-F1C7-4FC4-83D1-CDFAAF260929}
		{FAB434AD-C0FC-490D-8F18-E05C99B2FD52} = {FAB434AD-C0FC-490D-8F18-E05C99B2FD52}
	EndProjectSection
EndProject
Project("{8BC9CEB8-8B4A-11D0-8D11-00A0C91BC942}") = "libcustomreport_TBHIV_ByAge", "lib_customreport_TBHIV_ReportByAge\libcustomreport_TBHIV_ByAge.vcxproj", "{4E145D7D-CC31-4DA6-BFD9-99E04E76CE3B}"
EndProject
Global
	GlobalSection(SolutionConfigurationPlatforms) = preSolution
		Debug|x64 = Debug|x64
		QuickStart|x64 = QuickStart|x64
		Release|x64 = Release|x64
	EndGlobalSection
	GlobalSection(ProjectConfigurationPlatforms) = postSolution
		{7F91BC71-562B-44AE-A246-010C632F9796}.Debug|x64.ActiveCfg = Debug|x64
		{7F91BC71-562B-44AE-A246-010C632F9796}.Debug|x64.Build.0 = Debug|x64
		{7F91BC71-562B-44AE-A246-010C632F9796}.QuickStart|x64.ActiveCfg = QuickStart|x64
		{7F91BC71-562B-44AE-A246-010C632F9796}.QuickStart|x64.Build.0 = QuickStart|x64
		{7F91BC71-562B-44AE-A246-010C632F9796}.Release|x64.ActiveCfg = Release|x64
		{7F91BC71-562B-44AE-A246-010C632F9796}.Release|x64.Build.0 = Release|x64
		{DE5BA452-F1C7-4FC4-83D1-CDFAAF260929}.Debug|x64.ActiveCfg = Debug|x64
		{DE5BA452-F1C7-4FC4-83D1-CDFAAF260929}.Debug|x64.Build.0 = Debug|x64
		{DE5BA452-F1C7-4FC4-83D1-CDFAAF260929}.QuickStart|x64.ActiveCfg = QuickStart|x64
		{DE5BA452-F1C7-4FC4-83D1-CDFAAF260929}.QuickStart|x64.Build.0 = QuickStart|x64
		{DE5BA452-F1C7-4FC4-83D1-CDFAAF260929}.Release|x64.ActiveCfg = Release|x64
		{DE5BA452-F1C7-4FC4-83D1-CDFAAF260929}.Release|x64.Build.0 = Release|x64
		{FAB434AD-C0FC-490D-8F18-E05C99B2FD52}.Debug|x64.ActiveCfg = Debug|x64
		{FAB434AD-C0FC-490D-8F18-E05C99B2FD52}.Debug|x64.Build.0 = Debug|x64
		{FAB434AD-C0FC-490D-8F18-E05C99B2FD52}.QuickStart|x64.ActiveCfg = QuickStart|x64
		{FAB434AD-C0FC-490D-8F18-E05C99B2FD52}.QuickStart|x64.Build.0 = QuickStart|x64
		{FAB434AD-C0FC-490D-8F18-E05C99B2FD52}.Release|x64.ActiveCfg = Release|x64
		{FAB434AD-C0FC-490D-8F18-E05C99B2FD52}.Release|x64.Build.0 = Release|x64
		{2D16CCC1-8EA8-4528-BDC7-A7718C1B6121}.Debug|x64.ActiveCfg = Debug|x64
		{2D16CCC1-8EA8-4528-BDC7-A7718C1B6121}.Debug|x64.Build.0 = Debug|x64
		{2D16CCC1-8EA8-4528-BDC7-A7718C1B6121}.QuickStart|x64.ActiveCfg = Release|x64
		{2D16CCC1-8EA8-4528-BDC7-A7718C1B6121}.QuickStart|x64.Build.0 = Release|x64
		{2D16CCC1-8EA8-4528-BDC7-A7718C1B6121}.Release|x64.ActiveCfg = Release|x64
		{2D16CCC1-8EA8-4528-BDC7-A7718C1B6121}.Release|x64.Build.0 = Release|x64
		{D423EC17-4DDC-430C-A153-F1EB87CCDF31}.Debug|x64.ActiveCfg = Debug|x64
		{D423EC17-4DDC-430C-A153-F1EB87CCDF31}.Debug|x64.Build.0 = Debug|x64
		{D423EC17-4DDC-430C-A153-F1EB87CCDF31}.QuickStart|x64.ActiveCfg = QuickStart|x64
		{D423EC17-4DDC-430C-A153-F1EB87CCDF31}.QuickStart|x64.Build.0 = QuickStart|x64
		{D423EC17-4DDC-430C-A153-F1EB87CCDF31}.Release|x64.ActiveCfg = Release|x64
		{D423EC17-4DDC-430C-A153-F1EB87CCDF31}.Release|x64.Build.0 = Release|x64
		{AA49B764-60B5-4AB1-ADAE-5D0B4B8580E7}.Debug|x64.ActiveCfg = Debug|x64
		{AA49B764-60B5-4AB1-ADAE-5D0B4B8580E7}.Debug|x64.Build.0 = Debug|x64
		{AA49B764-60B5-4AB1-ADAE-5D0B4B8580E7}.QuickStart|x64.ActiveCfg = Release|x64
		{AA49B764-60B5-4AB1-ADAE-5D0B4B8580E7}.QuickStart|x64.Build.0 = Release|x64
		{AA49B764-60B5-4AB1-ADAE-5D0B4B8580E7}.Release|x64.ActiveCfg = Release|x64
		{AA49B764-60B5-4AB1-ADAE-5D0B4B8580E7}.Release|x64.Build.0 = Release|x64
		{CFAB1695-C663-4A50-A2E4-B037ADBAEAAD}.Debug|x64.ActiveCfg = Debug|x64
		{CFAB1695-C663-4A50-A2E4-B037ADBAEAAD}.Debug|x64.Build.0 = Debug|x64
		{CFAB1695-C663-4A50-A2E4-B037ADBAEAAD}.QuickStart|x64.ActiveCfg = Release|x64
		{CFAB1695-C663-4A50-A2E4-B037ADBAEAAD}.QuickStart|x64.Build.0 = Release|x64
		{CFAB1695-C663-4A50-A2E4-B037ADBAEAAD}.Release|x64.ActiveCfg = Release|x64
		{CFAB1695-C663-4A50-A2E4-B037ADBAEAAD}.Release|x64.Build.0 = Release|x64
		{1FF209EF-A77A-407D-B3D8-BFD331CD0EF7}.Debug|x64.ActiveCfg = Debug|x64
		{1FF209EF-A77A-407D-B3D8-BFD331CD0EF7}.Debug|x64.Build.0 = Debug|x64
		{1FF209EF-A77A-407D-B3D8-BFD331CD0EF7}.QuickStart|x64.ActiveCfg = Release|x64
		{1FF209EF-A77A-407D-B3D8-BFD331CD0EF7}.QuickStart|x64.Build.0 = Release|x64
		{1FF209EF-A77A-407D-B3D8-BFD331CD0EF7}.Release|x64.ActiveCfg = Release|x64
		{1FF209EF-A77A-407D-B3D8-BFD331CD0EF7}.Release|x64.Build.0 = Release|x64
		{74314E18-B6C5-4CD4-911E-A175E523DC14}.Debug|x64.ActiveCfg = Debug|x64
		{74314E18-B6C5-4CD4-911E-A175E523DC14}.Debug|x64.Build.0 = Debug|x64
		{74314E18-B6C5-4CD4-911E-A175E523DC14}.QuickStart|x64.ActiveCfg = Release|x64
		{74314E18-B6C5-4CD4-911E-A175E523DC14}.QuickStart|x64.Build.0 = Release|x64
		{74314E18-B6C5-4CD4-911E-A175E523DC14}.Release|x64.ActiveCfg = Release|x64
		{74314E18-B6C5-4CD4-911E-A175E523DC14}.Release|x64.Build.0 = Release|x64
		{328669BF-1904-4F56-B106-185749D68C2C}.Debug|x64.ActiveCfg = Debug|x64
		{328669BF-1904-4F56-B106-185749D68C2C}.Debug|x64.Build.0 = Debug|x64
		{328669BF-1904-4F56-B106-185749D68C2C}.QuickStart|x64.ActiveCfg = Release|x64
		{328669BF-1904-4F56-B106-185749D68C2C}.QuickStart|x64.Build.0 = Release|x64
		{328669BF-1904-4F56-B106-185749D68C2C}.Release|x64.ActiveCfg = Release|x64
		{328669BF-1904-4F56-B106-185749D68C2C}.Release|x64.Build.0 = Release|x64
		{14E564CF-F07E-4CBB-B26C-4D291616C3E8}.Debug|x64.ActiveCfg = Debug|x64
		{14E564CF-F07E-4CBB-B26C-4D291616C3E8}.Debug|x64.Build.0 = Debug|x64
		{14E564CF-F07E-4CBB-B26C-4D291616C3E8}.QuickStart|x64.ActiveCfg = Release|x64
		{14E564CF-F07E-4CBB-B26C-4D291616C3E8}.QuickStart|x64.Build.0 = Release|x64
		{14E564CF-F07E-4CBB-B26C-4D291616C3E8}.Release|x64.ActiveCfg = Release|x64
		{14E564CF-F07E-4CBB-B26C-4D291616C3E8}.Release|x64.Build.0 = Release|x64
		{92EECB80-CA36-4066-A1B9-C14E061EEB14}.Debug|x64.ActiveCfg = Debug|x64
		{92EECB80-CA36-4066-A1B9-C14E061EEB14}.Debug|x64.Build.0 = Debug|x64
		{92EECB80-CA36-4066-A1B9-C14E061EEB14}.QuickStart|x64.ActiveCfg = Release|x64
		{92EECB80-CA36-4066-A1B9-C14E061EEB14}.QuickStart|x64.Build.0 = Release|x64
		{92EECB80-CA36-4066-A1B9-C14E061EEB14}.Release|x64.ActiveCfg = Release|x64
		{92EECB80-CA36-4066-A1B9-C14E061EEB14}.Release|x64.Build.0 = Release|x64
		{8143FE1F-A3B8-45FC-AA7C-A4578404F82C}.Debug|x64.ActiveCfg = Debug|x64
		{8143FE1F-A3B8-45FC-AA7C-A4578404F82C}.Debug|x64.Build.0 = Debug|x64
		{8143FE1F-A3B8-45FC-AA7C-A4578404F82C}.QuickStart|x64.ActiveCfg = Release|x64
		{8143FE1F-A3B8-45FC-AA7C-A4578404F82C}.QuickStart|x64.Build.0 = Release|x64
		{8143FE1F-A3B8-45FC-AA7C-A4578404F82C}.Release|x64.ActiveCfg = Release|x64
		{8143FE1F-A3B8-45FC-AA7C-A4578404F82C}.Release|x64.Build.0 = Release|x64
		{18E9EB0D-B3D0-43D5-94B5-B8250D372DE2}.Debug|x64.ActiveCfg = Debug|x64
		{18E9EB0D-B3D0-43D5-94B5-B8250D372DE2}.Debug|x64.Build.0 = Debug|x64
		{18E9EB0D-B3D0-43D5-94B5-B8250D372DE2}.QuickStart|x64.ActiveCfg = Release|x64
		{18E9EB0D-B3D0-43D5-94B5-B8250D372DE2}.QuickStart|x64.Build.0 = Release|x64
		{18E9EB0D-B3D0-43D5-94B5-B8250D372DE2}.Release|x64.ActiveCfg = Release|x64
		{18E9EB0D-B3D0-43D5-94B5-B8250D372DE2}.Release|x64.Build.0 = Release|x64
		{619BFF45-282D-4254-8554-748B3433F72F}.Debug|x64.ActiveCfg = Debug|x64
		{619BFF45-282D-4254-8554-748B3433F72F}.Debug|x64.Build.0 = Debug|x64
		{619BFF45-282D-4254-8554-748B3433F72F}.QuickStart|x64.ActiveCfg = Release|x64
		{619BFF45-282D-4254-8554-748B3433F72F}.QuickStart|x64.Build.0 = Release|x64
		{619BFF45-282D-4254-8554-748B3433F72F}.Release|x64.ActiveCfg = Release|x64
		{619BFF45-282D-4254-8554-748B3433F72F}.Release|x64.Build.0 = Release|x64
		{F7E52533-F307-43E8-8F85-D0C4CAE73EEF}.Debug|x64.ActiveCfg = Debug|x64
		{F7E52533-F307-43E8-8F85-D0C4CAE73EEF}.Debug|x64.Build.0 = Debug|x64
		{F7E52533-F307-43E8-8F85-D0C4CAE73EEF}.QuickStart|x64.ActiveCfg = Release|x64
		{F7E52533-F307-43E8-8F85-D0C4CAE73EEF}.QuickStart|x64.Build.0 = Release|x64
		{F7E52533-F307-43E8-8F85-D0C4CAE73EEF}.Release|x64.ActiveCfg = Release|x64
		{F7E52533-F307-43E8-8F85-D0C4CAE73EEF}.Release|x64.Build.0 = Release|x64
		{8E164141-6881-42E3-854C-5222FE080289}.Debug|x64.ActiveCfg = Debug|x64
		{8E164141-6881-42E3-854C-5222FE080289}.Debug|x64.Build.0 = Debug|x64
		{8E164141-6881-42E3-854C-5222FE080289}.QuickStart|x64.ActiveCfg = Release|x64
		{8E164141-6881-42E3-854C-5222FE080289}.QuickStart|x64.Build.0 = Release|x64
		{8E164141-6881-42E3-854C-5222FE080289}.Release|x64.ActiveCfg = Release|x64
		{8E164141-6881-42E3-854C-5222FE080289}.Release|x64.Build.0 = Release|x64
		{6E5CE242-C8C3-48AE-BC47-44B8A1EEB5B3}.Debug|x64.ActiveCfg = Debug|x64
		{6E5CE242-C8C3-48AE-BC47-44B8A1EEB5B3}.Debug|x64.Build.0 = Debug|x64
		{6E5CE242-C8C3-48AE-BC47-44B8A1EEB5B3}.QuickStart|x64.ActiveCfg = Release|x64
		{6E5CE242-C8C3-48AE-BC47-44B8A1EEB5B3}.QuickStart|x64.Build.0 = Release|x64
		{6E5CE242-C8C3-48AE-BC47-44B8A1EEB5B3}.Release|x64.ActiveCfg = Release|x64
		{6E5CE242-C8C3-48AE-BC47-44B8A1EEB5B3}.Release|x64.Build.0 = Release|x64
		{67932CFB-A1C5-4ADC-B1B8-A7D6514F1D47}.Debug|x64.ActiveCfg = Debug|x64
		{67932CFB-A1C5-4ADC-B1B8-A7D6514F1D47}.Debug|x64.Build.0 = Debug|x64
		{67932CFB-A1C5-4ADC-B1B8-A7D6514F1D47}.QuickStart|x64.ActiveCfg = Release|x64
		{67932CFB-A1C5-4ADC-B1B8-A7D6514F1D47}.QuickStart|x64.Build.0 = Release|x64
		{67932CFB-A1C5-4ADC-B1B8-A7D6514F1D47}.Release|x64.ActiveCfg = Release|x64
		{67932CFB-A1C5-4ADC-B1B8-A7D6514F1D47}.Release|x64.Build.0 = Release|x64
		{DFEF85C2-CFFA-4668-AAFB-BEA8B6D1F986}.Debug|x64.ActiveCfg = Debug|x64
		{DFEF85C2-CFFA-4668-AAFB-BEA8B6D1F986}.Debug|x64.Build.0 = Debug|x64
		{DFEF85C2-CFFA-4668-AAFB-BEA8B6D1F986}.QuickStart|x64.ActiveCfg = Release|x64
		{DFEF85C2-CFFA-4668-AAFB-BEA8B6D1F986}.QuickStart|x64.Build.0 = Release|x64
		{DFEF85C2-CFFA-4668-AAFB-BEA8B6D1F986}.Release|x64.ActiveCfg = Release|x64
		{DFEF85C2-CFFA-4668-AAFB-BEA8B6D1F986}.Release|x64.Build.0 = Release|x64
		{F9F567AC-58FF-4725-A81D-D9C36749A96B}.Debug|x64.ActiveCfg = Debug|x64
		{F9F567AC-58FF-4725-A81D-D9C36749A96B}.Debug|x64.Build.0 = Debug|x64
		{F9F567AC-58FF-4725-A81D-D9C36749A96B}.QuickStart|x64.ActiveCfg = Release|x64
		{F9F567AC-58FF-4725-A81D-D9C36749A96B}.QuickStart|x64.Build.0 = Release|x64
		{F9F567AC-58FF-4725-A81D-D9C36749A96B}.Release|x64.ActiveCfg = Release|x64
		{F9F567AC-58FF-4725-A81D-D9C36749A96B}.Release|x64.Build.0 = Release|x64
		{4E145D7D-CC31-4DA6-BFD9-99E04E76CE3B}.Debug|x64.ActiveCfg = Debug|x64
		{4E145D7D-CC31-4DA6-BFD9-99E04E76CE3B}.Debug|x64.Build.0 = Debug|x64
		{4E145D7D-CC31-4DA6-BFD9-99E04E76CE3B}.QuickStart|x64.ActiveCfg = QuickStart|x64
		{4E145D7D-CC31-4DA6-BFD9-99E04E76CE3B}.QuickStart|x64.Build.0 = QuickStart|x64
		{4E145D7D-CC31-4DA6-BFD9-99E04E76CE3B}.Release|x64.ActiveCfg = Release|x64
		{4E145D7D-CC31-4DA6-BFD9-99E04E76CE3B}.Release|x64.Build.0 = Release|x64
	EndGlobalSection
	GlobalSection(SolutionProperties) = preSolution
		HideSolutionNode = FALSE
	EndGlobalSection
EndGlobal
