<?xml version="1.0" encoding="utf-8"?>
<Project ToolsVersion="4.0" xmlns="http://schemas.microsoft.com/developer/msbuild/2003">
  <ItemGroup>
    <Filter Include="Source Files">
      <UniqueIdentifier>{4FC737F1-C7A5-4376-A066-2A32D752A2FF}</UniqueIdentifier>
      <Extensions>cpp;c;cc;cxx;def;odl;idl;hpj;bat;asm;asmx</Extensions>
    </Filter>
    <Filter Include="Header Files">
      <UniqueIdentifier>{93995380-89BD-4b04-88EB-625FBE52EBFB}</UniqueIdentifier>
      <Extensions>h;hpp;hxx;hm;inl;inc;xsd</Extensions>
    </Filter>
    <Filter Include="Resource Files">
      <UniqueIdentifier>{67DA6AB6-F800-4c08-8B7A-83BB121AAD01}</UniqueIdentifier>
      <Extensions>rc;ico;cur;bmp;dlg;rc2;rct;bin;rgs;gif;jpg;jpeg;jpe;resx;tiff;tif;png;wav;mfcribbon-ms</Extensions>
    </Filter>
  </ItemGroup>
  <ItemGroup>
    <ClInclude Include="stdafx.h">
      <Filter>Header Files</Filter>
    </ClInclude>
    <ClInclude Include="targetver.h">
      <Filter>Header Files</Filter>
    </ClInclude>
    <ClInclude Include="Sugar.h">
      <Filter>Header Files</Filter>
    </ClInclude>
    <ClInclude Include="Configuration.h">
      <Filter>Header Files</Filter>
    </ClInclude>
    <ClInclude Include="Log.h">
      <Filter>Header Files</Filter>
    </ClInclude>
    <ClInclude Include="ISupports.h">
      <Filter>Header Files</Filter>
    </ClInclude>
    <ClInclude Include="ValidationLog.h">
      <Filter>Header Files</Filter>
    </ClInclude>
    <ClInclude Include="ConfigurationImpl.h">
      <Filter>Header Files</Filter>
    </ClInclude>
    <ClInclude Include="FactorySupport.h">
      <Filter>Header Files</Filter>
    </ClInclude>
    <ClInclude Include="EnumSupport.h">
      <Filter>Header Files</Filter>
    </ClInclude>
    <ClInclude Include="Environment.h">
      <Filter>Header Files</Filter>
    </ClInclude>
    <ClInclude Include="BoostLibWrapper.h">
      <Filter>Header Files</Filter>
    </ClInclude>
    <ClInclude Include="Profile.h">
      <Filter>Header Files</Filter>
    </ClInclude>
    <ClInclude Include="ProgVersion.h">
      <Filter>Header Files</Filter>
    </ClInclude>
    <ClInclude Include="version_info.h">
      <Filter>Header Files</Filter>
    </ClInclude>
    <ClInclude Include="MathFunctions.h">
      <Filter>Header Files</Filter>
    </ClInclude>
    <ClInclude Include="Exceptions.h">
      <Filter>Header Files</Filter>
    </ClInclude>
    <ClInclude Include="Coredump.h">
      <Filter>Header Files</Filter>
    </ClInclude>
    <ClInclude Include="JsonObject.h">
      <Filter>Header Files</Filter>
    </ClInclude>
    <ClInclude Include="RapidJsonImpl.h">
      <Filter>Header Files</Filter>
    </ClInclude>
    <ClInclude Include="Serializer.h">
      <Filter>Header Files</Filter>
    </ClInclude>
    <ClInclude Include="Configure.h">
      <Filter>Header Files</Filter>
    </ClInclude>
    <ClInclude Include="StatusReporter.h">
      <Filter>Header Files</Filter>
    </ClInclude>
    <ClInclude Include="..\cajun\include\CajunIncludes.h">
      <Filter>Header Files</Filter>
    </ClInclude>
    <ClInclude Include="..\cajun\include\cast.h">
      <Filter>Header Files</Filter>
    </ClInclude>
    <ClInclude Include="Debug.h">
      <Filter>Header Files</Filter>
    </ClInclude>
    <ClInclude Include="..\rapidjson\include\rapidjson\document.h">
      <Filter>Header Files</Filter>
    </ClInclude>
    <ClInclude Include="..\cajun\include\elements.h">
      <Filter>Header Files</Filter>
    </ClInclude>
    <ClInclude Include="..\cajun\include\exception.h">
      <Filter>Header Files</Filter>
    </ClInclude>
    <ClInclude Include="..\rapidjson\include\rapidjson\filestream.h">
      <Filter>Header Files</Filter>
    </ClInclude>
    <ClInclude Include="..\rapidjson\modp\modp_numtoa.h">
      <Filter>Header Files</Filter>
    </ClInclude>
    <ClInclude Include="..\rapidjson\include\rapidjson\internal\pow10.h">
      <Filter>Header Files</Filter>
    </ClInclude>
    <ClInclude Include="..\rapidjson\include\rapidjson\prettywriter.h">
      <Filter>Header Files</Filter>
    </ClInclude>
    <ClInclude Include="..\cajun\include\quick.h">
      <Filter>Header Files</Filter>
    </ClInclude>
    <ClInclude Include="..\rapidjson\include\rapidjson\rapidjson.h">
      <Filter>Header Files</Filter>
    </ClInclude>
    <ClInclude Include="..\cajun\include\reader.h">
      <Filter>Header Files</Filter>
    </ClInclude>
    <ClInclude Include="..\rapidjson\include\rapidjson\reader.h">
      <Filter>Header Files</Filter>
    </ClInclude>
    <ClInclude Include="..\Eradication\SimulationEnums.h">
      <Filter>Header Files</Filter>
    </ClInclude>
    <ClInclude Include="..\rapidjson\include\rapidjson\internal\stack.h">
      <Filter>Header Files</Filter>
    </ClInclude>
    <ClInclude Include="..\Eradication\stdafx.h">
      <Filter>Header Files</Filter>
    </ClInclude>
    <ClInclude Include="..\rapidjson\include\rapidjson\internal\strfunc.h">
      <Filter>Header Files</Filter>
    </ClInclude>
    <ClInclude Include="..\rapidjson\include\rapidjson\stringbuffer.h">
      <Filter>Header Files</Filter>
    </ClInclude>
    <ClInclude Include="..\cajun\include\visitor.h">
      <Filter>Header Files</Filter>
    </ClInclude>
    <ClInclude Include="..\cajun\include\writer.h">
      <Filter>Header Files</Filter>
    </ClInclude>
    <ClInclude Include="..\rapidjson\include\rapidjson\writer.h">
      <Filter>Header Files</Filter>
    </ClInclude>
    <ClInclude Include="IdmDateTime.h">
      <Filter>Header Files</Filter>
    </ClInclude>
    <ClInclude Include="IdmString.h">
      <Filter>Header Files</Filter>
    </ClInclude>
    <ClInclude Include="FileSystem.h">
      <Filter>Header Files</Filter>
    </ClInclude>
    <ClInclude Include="ProgramOptions.h">
      <Filter>Header Files</Filter>
    </ClInclude>
    <ClInclude Include="IdmApi.h">
      <Filter>Header Files</Filter>
    </ClInclude>
    <ClInclude Include="RANDOM.h">
      <Filter>Header Files</Filter>
    </ClInclude>
    <ClInclude Include="suids.hpp">
      <Filter>Header Files</Filter>
    </ClInclude>
    <ClInclude Include="InterpolatedValueMap.h">
      <Filter>Header Files</Filter>
    </ClInclude>
    <ClInclude Include="Common.h">
      <Filter>Header Files</Filter>
    </ClInclude>
    <ClInclude Include="Types.h">
      <Filter>Header Files</Filter>
    </ClInclude>
    <ClInclude Include="DurationDistribution.h">
      <Filter>Header Files</Filter>
    </ClInclude>
    <ClInclude Include="IArchive.h">
      <Filter>Header Files</Filter>
    </ClInclude>
    <ClInclude Include="JsonRawWriter.h">
      <Filter>Header Files</Filter>
    </ClInclude>
    <ClInclude Include="JsonRawReader.h">
      <Filter>Header Files</Filter>
    </ClInclude>
    <ClInclude Include="ISerializable.h">
      <Filter>Header Files</Filter>
    </ClInclude>
    <ClInclude Include="BinaryArchiveWriter.h">
      <Filter>Header Files</Filter>
    </ClInclude>
    <ClInclude Include="BinaryArchiveReader.h">
      <Filter>Header Files</Filter>
    </ClInclude>
    <ClInclude Include="JsonFullWriter.h">
      <Filter>Header Files</Filter>
    </ClInclude>
    <ClInclude Include="JsonFullReader.h">
      <Filter>Header Files</Filter>
    </ClInclude>
    <ClInclude Include="Serialization.h">
      <Filter>Header Files</Filter>
    </ClInclude>
    <ClInclude Include="Sigmoid.h">
      <Filter>Header Files</Filter>
    </ClInclude>
    <ClInclude Include="IdmMpi.h">
      <Filter>Header Files</Filter>
    </ClInclude>
    <ClInclude Include="Timers.h">
      <Filter>Header Files</Filter>
    </ClInclude>
  </ItemGroup>
  <ItemGroup>
    <ClCompile Include="stdafx.cpp">
      <Filter>Source Files</Filter>
    </ClCompile>
    <ClCompile Include="ValidationLog.cpp">
      <Filter>Source Files</Filter>
    </ClCompile>
    <ClCompile Include="Configuration.cpp">
      <Filter>Source Files</Filter>
    </ClCompile>
    <ClCompile Include="Environment.cpp">
      <Filter>Source Files</Filter>
    </ClCompile>
    <ClCompile Include="ISupports.cpp">
      <Filter>Source Files</Filter>
    </ClCompile>
    <ClCompile Include="Log.cpp">
      <Filter>Source Files</Filter>
    </ClCompile>
    <ClCompile Include="ProgVersion.cpp">
      <Filter>Source Files</Filter>
    </ClCompile>
    <ClCompile Include="Exceptions.cpp">
      <Filter>Source Files</Filter>
    </ClCompile>
    <ClCompile Include="Coredump.cpp">
      <Filter>Source Files</Filter>
    </ClCompile>
    <ClCompile Include="JsonObject.cpp">
      <Filter>Source Files</Filter>
    </ClCompile>
    <ClCompile Include="RapidJsonImpl.cpp">
      <Filter>Source Files</Filter>
    </ClCompile>
    <ClCompile Include="Serializer.cpp">
      <Filter>Source Files</Filter>
    </ClCompile>
    <ClCompile Include="..\rapidjson\modp\modp_numtoa.cpp">
      <Filter>Source Files</Filter>
    </ClCompile>
    <ClCompile Include="Configure.cpp">
      <Filter>Source Files</Filter>
    </ClCompile>
    <ClCompile Include="MathFunctions.cpp">
      <Filter>Source Files</Filter>
    </ClCompile>
    <ClCompile Include="StatusReporter.cpp">
      <Filter>Source Files</Filter>
    </ClCompile>
    <ClCompile Include="IdmDateTime.cpp">
      <Filter>Source Files</Filter>
    </ClCompile>
    <ClCompile Include="FileSystem.cpp">
      <Filter>Source Files</Filter>
    </ClCompile>
    <ClCompile Include="ProgramOptions.cpp">
      <Filter>Source Files</Filter>
    </ClCompile>
    <ClCompile Include="RANDOM.cpp">
      <Filter>Source Files</Filter>
    </ClCompile>
    <ClCompile Include="suids.cpp">
      <Filter>Source Files</Filter>
    </ClCompile>
    <ClCompile Include="InterpolatedValueMap.cpp">
      <Filter>Source Files</Filter>
    </ClCompile>
    <ClCompile Include="DurationDistribution.cpp">
      <Filter>Source Files</Filter>
    </ClCompile>
    <ClCompile Include="JsonRawWriter.cpp">
      <Filter>Source Files</Filter>
    </ClCompile>
    <ClCompile Include="JsonRawReader.cpp">
      <Filter>Source Files</Filter>
    </ClCompile>
    <ClCompile Include="IArchive.cpp">
      <Filter>Source Files</Filter>
    </ClCompile>
    <ClCompile Include="ISerializable.cpp">
      <Filter>Source Files</Filter>
    </ClCompile>
    <ClCompile Include="BinaryArchiveWriter.cpp">
      <Filter>Source Files</Filter>
    </ClCompile>
    <ClCompile Include="BinaryArchiveReader.cpp">
      <Filter>Source Files</Filter>
    </ClCompile>
    <ClCompile Include="JsonFullWriter.cpp">
      <Filter>Source Files</Filter>
    </ClCompile>
    <ClCompile Include="JsonFullReader.cpp">
      <Filter>Source Files</Filter>
    </ClCompile>
    <ClCompile Include="Serialization.cpp">
      <Filter>Source Files</Filter>
    </ClCompile>
    <ClCompile Include="Sigmoid.cpp">
      <Filter>Source Files</Filter>
    </ClCompile>
    <ClCompile Include="Types.cpp">
      <Filter>Source Files</Filter>
    </ClCompile>
    <ClCompile Include="IdmMpi.cpp">
      <Filter>Source Files</Filter>
    </ClCompile>
    <ClCompile Include="Timers.cpp">
      <Filter>Source Files</Filter>
    </ClCompile>
  </ItemGroup>
  <ItemGroup>
    <None Include="..\cajun\include\cast.inl">
      <Filter>Header Files</Filter>
    </None>
    <None Include="..\Eradication\microsoft.hpc.scheduler.properties.tlh" />
    <None Include="..\Eradication\microsoft.hpc.scheduler.tlh" />
  </ItemGroup>
</Project>